{
  "version": 4,
  "terraform_version": "1.6.4",
  "serial": 141,
  "lineage": "1ac7a2d7-09e0-0a83-8b32-bc3130f6ee69",
  "outputs": {
    "alb_dns_name": {
      "value": "app-load-balancer-292469655.us-west-1.elb.amazonaws.com",
      "type": "string"
    },
    "bastion_ip": {
      "value": "13.57.211.193",
      "type": "string"
    },
    "internet_gateway_id": {
      "value": "igw-0f5e581b01f88f0b4",
      "type": "string"
    },
    "nat_gateway_id": {
      "value": "nat-0bc87b61fca018c0a",
      "type": "string"
    },
    "nginx_servers": {
      "value": [
        "10.161.0.156",
        "10.161.0.153",
        "10.161.0.149"
      ],
      "type": [
        "tuple",
        [
          "string",
          "string",
          "string"
        ]
      ]
    },
    "private_subnet_1_id": {
      "value": "subnet-0c45d0c4c3b2e4ad9",
      "type": "string"
    },
    "private_subnet_2_id": {
      "value": "subnet-0eac71821ebcfd117",
      "type": "string"
    },
    "public_subnet_1_id": {
      "value": "subnet-0ecf10e172041c7e8",
      "type": "string"
    },
    "public_subnet_2_id": {
      "value": "subnet-08b7e2e5b37efeaa3",
      "type": "string"
    },
    "vpc_id": {
      "value": "vpc-01c0af29225857f67",
      "type": "string"
    }
  },
  "resources": [
    {
      "module": "module.alb",
      "mode": "managed",
      "type": "aws_lb",
      "name": "app_lb",
      "provider": "provider[\"registry.terraform.io/hashicorp/aws\"]",
      "instances": [
        {
          "schema_version": 0,
          "attributes": {
            "access_logs": [
              {
                "bucket": "new3bus1",
                "enabled": true,
                "prefix": ""
              }
            ],
            "arn": "arn:aws:elasticloadbalancing:us-west-1:131289783853:loadbalancer/app/app-load-balancer/06092b292efbe73a",
            "arn_suffix": "app/app-load-balancer/06092b292efbe73a",
            "client_keep_alive": 3600,
            "connection_logs": [
              {
                "bucket": "",
                "enabled": false,
                "prefix": ""
              }
            ],
            "customer_owned_ipv4_pool": "",
            "desync_mitigation_mode": "defensive",
            "dns_name": "app-load-balancer-292469655.us-west-1.elb.amazonaws.com",
            "dns_record_client_routing_policy": null,
            "drop_invalid_header_fields": false,
            "enable_cross_zone_load_balancing": true,
            "enable_deletion_protection": false,
            "enable_http2": true,
            "enable_tls_version_and_cipher_suite_headers": false,
            "enable_waf_fail_open": false,
            "enable_xff_client_port": false,
            "enable_zonal_shift": false,
            "enforce_security_group_inbound_rules_on_private_link_traffic": "",
            "id": "arn:aws:elasticloadbalancing:us-west-1:131289783853:loadbalancer/app/app-load-balancer/06092b292efbe73a",
            "idle_timeout": 60,
            "internal": false,
            "ip_address_type": "ipv4",
            "ipam_pools": [],
            "load_balancer_type": "application",
            "name": "app-load-balancer",
            "name_prefix": "",
            "preserve_host_header": false,
            "security_groups": [
              "sg-0a063dafc84fa3758"
            ],
            "subnet_mapping": [
              {
                "allocation_id": "",
                "ipv6_address": "",
                "outpost_id": "",
                "private_ipv4_address": "",
                "subnet_id": "subnet-08b7e2e5b37efeaa3"
              },
              {
                "allocation_id": "",
                "ipv6_address": "",
                "outpost_id": "",
                "private_ipv4_address": "",
                "subnet_id": "subnet-0ecf10e172041c7e8"
              }
            ],
            "subnets": [
              "subnet-08b7e2e5b37efeaa3",
              "subnet-0ecf10e172041c7e8"
            ],
            "tags": {
              "Name": "AppLoadBalancer"
            },
            "tags_all": {
              "Name": "AppLoadBalancer"
            },
            "timeouts": null,
            "vpc_id": "vpc-01c0af29225857f67",
            "xff_header_processing_mode": "append",
            "zone_id": "Z368ELLRRE2KJ0"
          },
          "sensitive_attributes": [],
          "private": "eyJlMmJmYjczMC1lY2FhLTExZTYtOGY4OC0zNDM2M2JjN2M0YzAiOnsiY3JlYXRlIjo2MDAwMDAwMDAwMDAsImRlbGV0ZSI6NjAwMDAwMDAwMDAwLCJ1cGRhdGUiOjYwMDAwMDAwMDAwMH19",
          "dependencies": [
            "module.s3.aws_s3_bucket.alb_logs",
            "module.security_groups.aws_security_group.alb_sg",
            "module.vpc.aws_subnet.public_1",
            "module.vpc.aws_subnet.public_2",
            "module.vpc.aws_vpc.main"
          ]
        }
      ]
    },
    {
      "module": "module.alb",
      "mode": "managed",
      "type": "aws_lb_listener",
      "name": "http_listener",
      "provider": "provider[\"registry.terraform.io/hashicorp/aws\"]",
      "instances": [
        {
          "schema_version": 0,
          "attributes": {
            "alpn_policy": null,
            "arn": "arn:aws:elasticloadbalancing:us-west-1:131289783853:listener/app/app-load-balancer/06092b292efbe73a/d94f8c3501f63416",
            "certificate_arn": null,
            "default_action": [
              {
                "authenticate_cognito": [],
                "authenticate_oidc": [],
                "fixed_response": [],
                "forward": [],
                "order": 1,
                "redirect": [],
                "target_group_arn": "arn:aws:elasticloadbalancing:us-west-1:131289783853:targetgroup/app-target-group/008ef8a29b5f5246",
                "type": "forward"
              }
            ],
            "id": "arn:aws:elasticloadbalancing:us-west-1:131289783853:listener/app/app-load-balancer/06092b292efbe73a/d94f8c3501f63416",
            "load_balancer_arn": "arn:aws:elasticloadbalancing:us-west-1:131289783853:loadbalancer/app/app-load-balancer/06092b292efbe73a",
            "mutual_authentication": [],
            "port": 80,
            "protocol": "HTTP",
            "routing_http_request_x_amzn_mtls_clientcert_header_name": null,
            "routing_http_request_x_amzn_mtls_clientcert_issuer_header_name": null,
            "routing_http_request_x_amzn_mtls_clientcert_leaf_header_name": null,
            "routing_http_request_x_amzn_mtls_clientcert_serial_number_header_name": null,
            "routing_http_request_x_amzn_mtls_clientcert_subject_header_name": null,
            "routing_http_request_x_amzn_mtls_clientcert_validity_header_name": null,
            "routing_http_request_x_amzn_tls_cipher_suite_header_name": null,
            "routing_http_request_x_amzn_tls_version_header_name": null,
            "routing_http_response_access_control_allow_credentials_header_value": "",
            "routing_http_response_access_control_allow_headers_header_value": "",
            "routing_http_response_access_control_allow_methods_header_value": "",
            "routing_http_response_access_control_allow_origin_header_value": "",
            "routing_http_response_access_control_expose_headers_header_value": "",
            "routing_http_response_access_control_max_age_header_value": "",
            "routing_http_response_content_security_policy_header_value": "",
            "routing_http_response_server_enabled": false,
            "routing_http_response_strict_transport_security_header_value": "",
            "routing_http_response_x_content_type_options_header_value": "",
            "routing_http_response_x_frame_options_header_value": "",
            "ssl_policy": "",
            "tags": {},
            "tags_all": {},
            "tcp_idle_timeout_seconds": null,
            "timeouts": null
          },
          "sensitive_attributes": [],
          "private": "eyJlMmJmYjczMC1lY2FhLTExZTYtOGY4OC0zNDM2M2JjN2M0YzAiOnsiY3JlYXRlIjozMDAwMDAwMDAwMDAsInVwZGF0ZSI6MzAwMDAwMDAwMDAwfX0=",
          "dependencies": [
            "module.alb.aws_lb.app_lb",
            "module.alb.aws_lb_target_group.app_tg",
            "module.s3.aws_s3_bucket.alb_logs",
            "module.security_groups.aws_security_group.alb_sg",
            "module.vpc.aws_subnet.public_1",
            "module.vpc.aws_subnet.public_2",
            "module.vpc.aws_vpc.main"
          ]
        }
      ]
    },
    {
      "module": "module.alb",
      "mode": "managed",
      "type": "aws_lb_target_group",
      "name": "app_tg",
      "provider": "provider[\"registry.terraform.io/hashicorp/aws\"]",
      "instances": [
        {
          "schema_version": 0,
          "attributes": {
            "arn": "arn:aws:elasticloadbalancing:us-west-1:131289783853:targetgroup/app-target-group/008ef8a29b5f5246",
            "arn_suffix": "targetgroup/app-target-group/008ef8a29b5f5246",
            "connection_termination": null,
            "deregistration_delay": "300",
            "health_check": [
              {
                "enabled": true,
                "healthy_threshold": 2,
                "interval": 30,
                "matcher": "200",
                "path": "/",
                "port": "traffic-port",
                "protocol": "HTTP",
                "timeout": 5,
                "unhealthy_threshold": 2
              }
            ],
            "id": "arn:aws:elasticloadbalancing:us-west-1:131289783853:targetgroup/app-target-group/008ef8a29b5f5246",
            "ip_address_type": "ipv4",
            "lambda_multi_value_headers_enabled": false,
            "load_balancer_arns": [
              "arn:aws:elasticloadbalancing:us-west-1:131289783853:loadbalancer/app/app-load-balancer/06092b292efbe73a"
            ],
            "load_balancing_algorithm_type": "round_robin",
            "load_balancing_anomaly_mitigation": "off",
            "load_balancing_cross_zone_enabled": "use_load_balancer_configuration",
            "name": "app-target-group",
            "name_prefix": "",
            "port": 80,
            "preserve_client_ip": null,
            "protocol": "HTTP",
            "protocol_version": "HTTP1",
            "proxy_protocol_v2": false,
            "slow_start": 0,
            "stickiness": [
              {
                "cookie_duration": 86400,
                "cookie_name": "",
                "enabled": false,
                "type": "lb_cookie"
              }
            ],
            "tags": {},
            "tags_all": {},
            "target_failover": [
              {
                "on_deregistration": null,
                "on_unhealthy": null
              }
            ],
            "target_group_health": [
              {
                "dns_failover": [
                  {
                    "minimum_healthy_targets_count": "1",
                    "minimum_healthy_targets_percentage": "off"
                  }
                ],
                "unhealthy_state_routing": [
                  {
                    "minimum_healthy_targets_count": 1,
                    "minimum_healthy_targets_percentage": "off"
                  }
                ]
              }
            ],
            "target_health_state": [
              {
                "enable_unhealthy_connection_termination": null,
                "unhealthy_draining_interval": null
              }
            ],
            "target_type": "instance",
            "vpc_id": "vpc-01c0af29225857f67"
          },
          "sensitive_attributes": [],
          "private": "bnVsbA==",
          "dependencies": [
            "module.vpc.aws_vpc.main"
          ]
        }
      ]
    },
    {
      "module": "module.alb",
      "mode": "managed",
      "type": "aws_lb_target_group_attachment",
      "name": "attach_instances",
      "provider": "provider[\"registry.terraform.io/hashicorp/aws\"]",
      "instances": [
        {
          "index_key": 0,
          "schema_version": 0,
          "attributes": {
            "availability_zone": null,
            "id": "arn:aws:elasticloadbalancing:us-west-1:131289783853:targetgroup/app-target-group/008ef8a29b5f5246-2025040822502026360000000a",
            "port": 80,
            "target_group_arn": "arn:aws:elasticloadbalancing:us-west-1:131289783853:targetgroup/app-target-group/008ef8a29b5f5246",
            "target_id": "i-0b823794cace5b07d"
          },
          "sensitive_attributes": [],
          "private": "bnVsbA==",
          "dependencies": [
            "module.alb.aws_lb_target_group.app_tg",
            "module.ec2.aws_instance.private_servers",
            "module.ec2.aws_key_pair.terraform_key",
            "module.ec2.data.aws_ami.ubuntu_latest",
            "module.ec2.tls_private_key.terraform",
            "module.iam.aws_iam_instance_profile.ec2_instance_profile",
            "module.iam.aws_iam_role.ec2_role",
            "module.security_groups.aws_security_group.bastion_sg",
            "module.security_groups.aws_security_group.private_sg",
            "module.vpc.aws_subnet.private_1",
            "module.vpc.aws_vpc.main"
          ]
        },
        {
          "index_key": 1,
          "schema_version": 0,
          "attributes": {
            "availability_zone": null,
            "id": "arn:aws:elasticloadbalancing:us-west-1:131289783853:targetgroup/app-target-group/008ef8a29b5f5246-20250408225019354300000008",
            "port": 80,
            "target_group_arn": "arn:aws:elasticloadbalancing:us-west-1:131289783853:targetgroup/app-target-group/008ef8a29b5f5246",
            "target_id": "i-0ed47e8ba6de476d8"
          },
          "sensitive_attributes": [],
          "private": "bnVsbA==",
          "dependencies": [
            "module.alb.aws_lb_target_group.app_tg",
            "module.ec2.aws_instance.private_servers",
            "module.ec2.aws_key_pair.terraform_key",
            "module.ec2.data.aws_ami.ubuntu_latest",
            "module.ec2.tls_private_key.terraform",
            "module.iam.aws_iam_instance_profile.ec2_instance_profile",
            "module.iam.aws_iam_role.ec2_role",
            "module.security_groups.aws_security_group.bastion_sg",
            "module.security_groups.aws_security_group.private_sg",
            "module.vpc.aws_subnet.private_1",
            "module.vpc.aws_vpc.main"
          ]
        },
        {
          "index_key": 2,
          "schema_version": 0,
          "attributes": {
            "availability_zone": null,
            "id": "arn:aws:elasticloadbalancing:us-west-1:131289783853:targetgroup/app-target-group/008ef8a29b5f5246-20250408225019813500000009",
            "port": 80,
            "target_group_arn": "arn:aws:elasticloadbalancing:us-west-1:131289783853:targetgroup/app-target-group/008ef8a29b5f5246",
            "target_id": "i-01e39d9915d25cf4d"
          },
          "sensitive_attributes": [],
          "private": "bnVsbA==",
          "dependencies": [
            "module.alb.aws_lb_target_group.app_tg",
            "module.ec2.aws_instance.private_servers",
            "module.ec2.aws_key_pair.terraform_key",
            "module.ec2.data.aws_ami.ubuntu_latest",
            "module.ec2.tls_private_key.terraform",
            "module.iam.aws_iam_instance_profile.ec2_instance_profile",
            "module.iam.aws_iam_role.ec2_role",
            "module.security_groups.aws_security_group.bastion_sg",
            "module.security_groups.aws_security_group.private_sg",
            "module.vpc.aws_subnet.private_1",
            "module.vpc.aws_vpc.main"
          ]
        }
      ]
    },
    {
      "module": "module.ec2",
      "mode": "data",
      "type": "aws_ami",
      "name": "ubuntu_latest",
      "provider": "provider[\"registry.terraform.io/hashicorp/aws\"]",
      "instances": [
        {
          "schema_version": 0,
          "attributes": {
            "architecture": "x86_64",
            "arn": "arn:aws:ec2:us-west-1::image/ami-0f2efd606ca61f0c7",
            "block_device_mappings": [
              {
                "device_name": "/dev/sda1",
                "ebs": {
                  "delete_on_termination": "true",
                  "encrypted": "false",
                  "iops": "0",
                  "snapshot_id": "snap-04f09cbb2daca9683",
                  "throughput": "0",
                  "volume_size": "8",
                  "volume_type": "gp2"
                },
                "no_device": "",
                "virtual_name": ""
              },
              {
                "device_name": "/dev/sdb",
                "ebs": {},
                "no_device": "",
                "virtual_name": "ephemeral0"
              },
              {
                "device_name": "/dev/sdc",
                "ebs": {},
                "no_device": "",
                "virtual_name": "ephemeral1"
              }
            ],
            "boot_mode": "uefi-preferred",
            "creation_date": "2025-03-27T06:51:35.000Z",
            "deprecation_time": "2027-03-27T06:51:35.000Z",
            "description": "Canonical, Ubuntu, 22.04, amd64 jammy image",
            "ena_support": true,
            "executable_users": null,
            "filter": [
              {
                "name": "name",
                "values": [
                  "ubuntu/images/hvm-ssd/ubuntu-jammy-22.04-amd64-server-*"
                ]
              },
              {
                "name": "virtualization-type",
                "values": [
                  "hvm"
                ]
              }
            ],
            "hypervisor": "xen",
            "id": "ami-0f2efd606ca61f0c7",
            "image_id": "ami-0f2efd606ca61f0c7",
            "image_location": "amazon/ubuntu/images/hvm-ssd/ubuntu-jammy-22.04-amd64-server-20250327",
            "image_owner_alias": "amazon",
            "image_type": "machine",
            "imds_support": "",
            "include_deprecated": false,
            "kernel_id": "",
            "last_launched_time": "",
            "most_recent": true,
            "name": "ubuntu/images/hvm-ssd/ubuntu-jammy-22.04-amd64-server-20250327",
            "name_regex": null,
            "owner_id": "099720109477",
            "owners": [
              "099720109477"
            ],
            "platform": "",
            "platform_details": "Linux/UNIX",
            "product_codes": [],
            "public": true,
            "ramdisk_id": "",
            "root_device_name": "/dev/sda1",
            "root_device_type": "ebs",
            "root_snapshot_id": "snap-04f09cbb2daca9683",
            "sriov_net_support": "simple",
            "state": "available",
            "state_reason": {
              "code": "UNSET",
              "message": "UNSET"
            },
            "tags": {},
            "timeouts": null,
            "tpm_support": "",
            "uefi_data": null,
            "usage_operation": "RunInstances",
            "virtualization_type": "hvm"
          },
          "sensitive_attributes": []
        }
      ]
    },
    {
      "module": "module.ec2",
      "mode": "managed",
      "type": "aws_instance",
      "name": "bastion",
      "provider": "provider[\"registry.terraform.io/hashicorp/aws\"]",
      "instances": [
        {
          "schema_version": 1,
          "attributes": {
            "ami": "ami-0f2efd606ca61f0c7",
            "arn": "arn:aws:ec2:us-west-1:131289783853:instance/i-0021ed0df0e5e2a23",
            "associate_public_ip_address": true,
            "availability_zone": "us-west-1b",
            "capacity_reservation_specification": [
              {
                "capacity_reservation_preference": "open",
                "capacity_reservation_target": []
              }
            ],
            "cpu_core_count": 2,
            "cpu_options": [
              {
                "amd_sev_snp": "",
                "core_count": 2,
                "threads_per_core": 1
              }
            ],
            "cpu_threads_per_core": 1,
            "credit_specification": [
              {
                "cpu_credits": "standard"
              }
            ],
            "disable_api_stop": false,
            "disable_api_termination": false,
            "ebs_block_device": [],
            "ebs_optimized": false,
            "enable_primary_ipv6": null,
            "enclave_options": [
              {
                "enabled": false
              }
            ],
            "ephemeral_block_device": [],
            "get_password_data": false,
            "hibernation": false,
            "host_id": "",
            "host_resource_group_arn": null,
            "iam_instance_profile": "",
            "id": "i-0021ed0df0e5e2a23",
            "instance_initiated_shutdown_behavior": "stop",
            "instance_lifecycle": "",
            "instance_market_options": [],
            "instance_state": "running",
            "instance_type": "t2.medium",
            "ipv6_address_count": 0,
            "ipv6_addresses": [],
            "key_name": "my_terraform_key",
            "launch_template": [],
            "maintenance_options": [
              {
                "auto_recovery": "default"
              }
            ],
            "metadata_options": [
              {
                "http_endpoint": "enabled",
                "http_protocol_ipv6": "disabled",
                "http_put_response_hop_limit": 1,
                "http_tokens": "optional",
                "instance_metadata_tags": "disabled"
              }
            ],
            "monitoring": false,
            "network_interface": [],
            "outpost_arn": "",
            "password_data": "",
            "placement_group": "",
            "placement_partition_number": 0,
            "primary_network_interface_id": "eni-0e75b85b97f7fbe3a",
            "private_dns": "ip-10-161-0-8.us-west-1.compute.internal",
            "private_dns_name_options": [
              {
                "enable_resource_name_dns_a_record": false,
                "enable_resource_name_dns_aaaa_record": false,
                "hostname_type": "ip-name"
              }
            ],
            "private_ip": "10.161.0.8",
            "public_dns": "ec2-13-57-211-193.us-west-1.compute.amazonaws.com",
            "public_ip": "13.57.211.193",
            "root_block_device": [
              {
                "delete_on_termination": true,
                "device_name": "/dev/sda1",
                "encrypted": false,
                "iops": 100,
                "kms_key_id": "",
                "tags": {},
                "tags_all": {},
                "throughput": 0,
                "volume_id": "vol-079c0dc7164c71095",
                "volume_size": 8,
                "volume_type": "gp2"
              }
            ],
            "secondary_private_ips": [],
            "security_groups": [],
            "source_dest_check": true,
            "spot_instance_request_id": "",
            "subnet_id": "subnet-0ecf10e172041c7e8",
            "tags": {
              "Name": "Bastion Host"
            },
            "tags_all": {
              "Name": "Bastion Host"
            },
            "tenancy": "default",
            "timeouts": null,
            "user_data": "a5b9a3d27e6a03043a1929b11d8a8665d3c25cf7",
            "user_data_base64": null,
            "user_data_replace_on_change": false,
            "volume_tags": null,
            "vpc_security_group_ids": [
              "sg-00c8d69129a906a23",
              "sg-0d5a82c6d555591bf"
            ]
          },
          "sensitive_attributes": [
            [
              {
                "type": "get_attr",
                "value": "user_data"
              }
            ]
          ],
          "private": "eyJlMmJmYjczMC1lY2FhLTExZTYtOGY4OC0zNDM2M2JjN2M0YzAiOnsiY3JlYXRlIjo2MDAwMDAwMDAwMDAsImRlbGV0ZSI6MTIwMDAwMDAwMDAwMCwicmVhZCI6OTAwMDAwMDAwMDAwLCJ1cGRhdGUiOjYwMDAwMDAwMDAwMH0sInNjaGVtYV92ZXJzaW9uIjoiMSJ9",
          "dependencies": [
            "module.ec2.aws_key_pair.terraform_key",
            "module.ec2.data.aws_ami.ubuntu_latest",
            "module.ec2.tls_private_key.terraform",
            "module.security_groups.aws_security_group.bastion_sg",
            "module.security_groups.aws_security_group.private_sg",
            "module.vpc.aws_subnet.public_1",
            "module.vpc.aws_vpc.main"
          ]
        }
      ]
    },
    {
      "module": "module.ec2",
      "mode": "managed",
      "type": "aws_instance",
      "name": "private_servers",
      "provider": "provider[\"registry.terraform.io/hashicorp/aws\"]",
      "instances": [
        {
          "index_key": 0,
          "schema_version": 1,
          "attributes": {
            "ami": "ami-0f2efd606ca61f0c7",
            "arn": "arn:aws:ec2:us-west-1:131289783853:instance/i-0b823794cace5b07d",
            "associate_public_ip_address": false,
            "availability_zone": "us-west-1b",
            "capacity_reservation_specification": [
              {
                "capacity_reservation_preference": "open",
                "capacity_reservation_target": []
              }
            ],
            "cpu_core_count": 2,
            "cpu_options": [
              {
                "amd_sev_snp": "",
                "core_count": 2,
                "threads_per_core": 1
              }
            ],
            "cpu_threads_per_core": 1,
            "credit_specification": [
              {
                "cpu_credits": "standard"
              }
            ],
            "disable_api_stop": false,
            "disable_api_termination": false,
            "ebs_block_device": [],
            "ebs_optimized": false,
            "enable_primary_ipv6": null,
            "enclave_options": [
              {
                "enabled": false
              }
            ],
            "ephemeral_block_device": [],
            "get_password_data": false,
            "hibernation": false,
            "host_id": "",
            "host_resource_group_arn": null,
            "iam_instance_profile": "ec2_instance_profile",
            "id": "i-0b823794cace5b07d",
            "instance_initiated_shutdown_behavior": "stop",
            "instance_lifecycle": "",
            "instance_market_options": [],
            "instance_state": "running",
            "instance_type": "t2.medium",
            "ipv6_address_count": 0,
            "ipv6_addresses": [],
            "key_name": "my_terraform_key",
            "launch_template": [],
            "maintenance_options": [
              {
                "auto_recovery": "default"
              }
            ],
            "metadata_options": [
              {
                "http_endpoint": "enabled",
                "http_protocol_ipv6": "disabled",
                "http_put_response_hop_limit": 1,
                "http_tokens": "optional",
                "instance_metadata_tags": "disabled"
              }
            ],
            "monitoring": false,
            "network_interface": [],
            "outpost_arn": "",
            "password_data": "",
            "placement_group": "",
            "placement_partition_number": 0,
            "primary_network_interface_id": "eni-0f24b09fbf31402e2",
            "private_dns": "ip-10-161-0-156.us-west-1.compute.internal",
            "private_dns_name_options": [
              {
                "enable_resource_name_dns_a_record": false,
                "enable_resource_name_dns_aaaa_record": false,
                "hostname_type": "ip-name"
              }
            ],
            "private_ip": "10.161.0.156",
            "public_dns": "",
            "public_ip": "",
            "root_block_device": [
              {
                "delete_on_termination": true,
                "device_name": "/dev/sda1",
                "encrypted": false,
                "iops": 100,
                "kms_key_id": "",
                "tags": {},
                "tags_all": {},
                "throughput": 0,
                "volume_id": "vol-0baf142a1e855ac33",
                "volume_size": 8,
                "volume_type": "gp2"
              }
            ],
            "secondary_private_ips": [],
            "security_groups": [],
            "source_dest_check": true,
            "spot_instance_request_id": "",
            "subnet_id": "subnet-0c45d0c4c3b2e4ad9",
            "tags": {
              "Name": "Private-Server-1"
            },
            "tags_all": {
              "Name": "Private-Server-1"
            },
            "tenancy": "default",
            "timeouts": null,
            "user_data": null,
            "user_data_base64": null,
            "user_data_replace_on_change": false,
            "volume_tags": null,
            "vpc_security_group_ids": [
              "sg-00c8d69129a906a23",
              "sg-0d5a82c6d555591bf"
            ]
          },
          "sensitive_attributes": [],
          "private": "eyJlMmJmYjczMC1lY2FhLTExZTYtOGY4OC0zNDM2M2JjN2M0YzAiOnsiY3JlYXRlIjo2MDAwMDAwMDAwMDAsImRlbGV0ZSI6MTIwMDAwMDAwMDAwMCwicmVhZCI6OTAwMDAwMDAwMDAwLCJ1cGRhdGUiOjYwMDAwMDAwMDAwMH0sInNjaGVtYV92ZXJzaW9uIjoiMSJ9",
          "dependencies": [
            "module.ec2.aws_key_pair.terraform_key",
            "module.ec2.data.aws_ami.ubuntu_latest",
            "module.ec2.tls_private_key.terraform",
            "module.iam.aws_iam_instance_profile.ec2_instance_profile",
            "module.iam.aws_iam_role.ec2_role",
            "module.security_groups.aws_security_group.bastion_sg",
            "module.security_groups.aws_security_group.private_sg",
            "module.vpc.aws_subnet.private_1",
            "module.vpc.aws_vpc.main"
          ]
        },
        {
          "index_key": 1,
          "schema_version": 1,
          "attributes": {
            "ami": "ami-0f2efd606ca61f0c7",
            "arn": "arn:aws:ec2:us-west-1:131289783853:instance/i-0ed47e8ba6de476d8",
            "associate_public_ip_address": false,
            "availability_zone": "us-west-1b",
            "capacity_reservation_specification": [
              {
                "capacity_reservation_preference": "open",
                "capacity_reservation_target": []
              }
            ],
            "cpu_core_count": 2,
            "cpu_options": [
              {
                "amd_sev_snp": "",
                "core_count": 2,
                "threads_per_core": 1
              }
            ],
            "cpu_threads_per_core": 1,
            "credit_specification": [
              {
                "cpu_credits": "standard"
              }
            ],
            "disable_api_stop": false,
            "disable_api_termination": false,
            "ebs_block_device": [],
            "ebs_optimized": false,
            "enable_primary_ipv6": null,
            "enclave_options": [
              {
                "enabled": false
              }
            ],
            "ephemeral_block_device": [],
            "get_password_data": false,
            "hibernation": false,
            "host_id": "",
            "host_resource_group_arn": null,
            "iam_instance_profile": "ec2_instance_profile",
            "id": "i-0ed47e8ba6de476d8",
            "instance_initiated_shutdown_behavior": "stop",
            "instance_lifecycle": "",
            "instance_market_options": [],
            "instance_state": "running",
            "instance_type": "t2.medium",
            "ipv6_address_count": 0,
            "ipv6_addresses": [],
            "key_name": "my_terraform_key",
            "launch_template": [],
            "maintenance_options": [
              {
                "auto_recovery": "default"
              }
            ],
            "metadata_options": [
              {
                "http_endpoint": "enabled",
                "http_protocol_ipv6": "disabled",
                "http_put_response_hop_limit": 1,
                "http_tokens": "optional",
                "instance_metadata_tags": "disabled"
              }
            ],
            "monitoring": false,
            "network_interface": [],
            "outpost_arn": "",
            "password_data": "",
            "placement_group": "",
            "placement_partition_number": 0,
            "primary_network_interface_id": "eni-012e10275755cca7c",
            "private_dns": "ip-10-161-0-153.us-west-1.compute.internal",
            "private_dns_name_options": [
              {
                "enable_resource_name_dns_a_record": false,
                "enable_resource_name_dns_aaaa_record": false,
                "hostname_type": "ip-name"
              }
            ],
            "private_ip": "10.161.0.153",
            "public_dns": "",
            "public_ip": "",
            "root_block_device": [
              {
                "delete_on_termination": true,
                "device_name": "/dev/sda1",
                "encrypted": false,
                "iops": 100,
                "kms_key_id": "",
                "tags": {},
                "tags_all": {},
                "throughput": 0,
                "volume_id": "vol-029404756ce285565",
                "volume_size": 8,
                "volume_type": "gp2"
              }
            ],
            "secondary_private_ips": [],
            "security_groups": [],
            "source_dest_check": true,
            "spot_instance_request_id": "",
            "subnet_id": "subnet-0c45d0c4c3b2e4ad9",
            "tags": {
              "Name": "Private-Server-2"
            },
            "tags_all": {
              "Name": "Private-Server-2"
            },
            "tenancy": "default",
            "timeouts": null,
            "user_data": null,
            "user_data_base64": null,
            "user_data_replace_on_change": false,
            "volume_tags": null,
            "vpc_security_group_ids": [
              "sg-00c8d69129a906a23",
              "sg-0d5a82c6d555591bf"
            ]
          },
          "sensitive_attributes": [],
          "private": "eyJlMmJmYjczMC1lY2FhLTExZTYtOGY4OC0zNDM2M2JjN2M0YzAiOnsiY3JlYXRlIjo2MDAwMDAwMDAwMDAsImRlbGV0ZSI6MTIwMDAwMDAwMDAwMCwicmVhZCI6OTAwMDAwMDAwMDAwLCJ1cGRhdGUiOjYwMDAwMDAwMDAwMH0sInNjaGVtYV92ZXJzaW9uIjoiMSJ9",
          "dependencies": [
            "module.ec2.aws_key_pair.terraform_key",
            "module.ec2.data.aws_ami.ubuntu_latest",
            "module.ec2.tls_private_key.terraform",
            "module.iam.aws_iam_instance_profile.ec2_instance_profile",
            "module.iam.aws_iam_role.ec2_role",
            "module.security_groups.aws_security_group.bastion_sg",
            "module.security_groups.aws_security_group.private_sg",
            "module.vpc.aws_subnet.private_1",
            "module.vpc.aws_vpc.main"
          ]
        },
        {
          "index_key": 2,
          "schema_version": 1,
          "attributes": {
            "ami": "ami-0f2efd606ca61f0c7",
            "arn": "arn:aws:ec2:us-west-1:131289783853:instance/i-01e39d9915d25cf4d",
            "associate_public_ip_address": false,
            "availability_zone": "us-west-1b",
            "capacity_reservation_specification": [
              {
                "capacity_reservation_preference": "open",
                "capacity_reservation_target": []
              }
            ],
            "cpu_core_count": 2,
            "cpu_options": [
              {
                "amd_sev_snp": "",
                "core_count": 2,
                "threads_per_core": 1
              }
            ],
            "cpu_threads_per_core": 1,
            "credit_specification": [
              {
                "cpu_credits": "standard"
              }
            ],
            "disable_api_stop": false,
            "disable_api_termination": false,
            "ebs_block_device": [],
            "ebs_optimized": false,
            "enable_primary_ipv6": null,
            "enclave_options": [
              {
                "enabled": false
              }
            ],
            "ephemeral_block_device": [],
            "get_password_data": false,
            "hibernation": false,
            "host_id": "",
            "host_resource_group_arn": null,
            "iam_instance_profile": "ec2_instance_profile",
            "id": "i-01e39d9915d25cf4d",
            "instance_initiated_shutdown_behavior": "stop",
            "instance_lifecycle": "",
            "instance_market_options": [],
            "instance_state": "running",
            "instance_type": "t2.medium",
            "ipv6_address_count": 0,
            "ipv6_addresses": [],
            "key_name": "my_terraform_key",
            "launch_template": [],
            "maintenance_options": [
              {
                "auto_recovery": "default"
              }
            ],
            "metadata_options": [
              {
                "http_endpoint": "enabled",
                "http_protocol_ipv6": "disabled",
                "http_put_response_hop_limit": 1,
                "http_tokens": "optional",
                "instance_metadata_tags": "disabled"
              }
            ],
            "monitoring": false,
            "network_interface": [],
            "outpost_arn": "",
            "password_data": "",
            "placement_group": "",
            "placement_partition_number": 0,
            "primary_network_interface_id": "eni-0af9cd5023f370d2b",
            "private_dns": "ip-10-161-0-149.us-west-1.compute.internal",
            "private_dns_name_options": [
              {
                "enable_resource_name_dns_a_record": false,
                "enable_resource_name_dns_aaaa_record": false,
                "hostname_type": "ip-name"
              }
            ],
            "private_ip": "10.161.0.149",
            "public_dns": "",
            "public_ip": "",
            "root_block_device": [
              {
                "delete_on_termination": true,
                "device_name": "/dev/sda1",
                "encrypted": false,
                "iops": 100,
                "kms_key_id": "",
                "tags": {},
                "tags_all": {},
                "throughput": 0,
                "volume_id": "vol-05b346d95d0a9581f",
                "volume_size": 8,
                "volume_type": "gp2"
              }
            ],
            "secondary_private_ips": [],
            "security_groups": [],
            "source_dest_check": true,
            "spot_instance_request_id": "",
            "subnet_id": "subnet-0c45d0c4c3b2e4ad9",
            "tags": {
              "Name": "Private-Server-3"
            },
            "tags_all": {
              "Name": "Private-Server-3"
            },
            "tenancy": "default",
            "timeouts": null,
            "user_data": null,
            "user_data_base64": null,
            "user_data_replace_on_change": false,
            "volume_tags": null,
            "vpc_security_group_ids": [
              "sg-00c8d69129a906a23",
              "sg-0d5a82c6d555591bf"
            ]
          },
          "sensitive_attributes": [],
          "private": "eyJlMmJmYjczMC1lY2FhLTExZTYtOGY4OC0zNDM2M2JjN2M0YzAiOnsiY3JlYXRlIjo2MDAwMDAwMDAwMDAsImRlbGV0ZSI6MTIwMDAwMDAwMDAwMCwicmVhZCI6OTAwMDAwMDAwMDAwLCJ1cGRhdGUiOjYwMDAwMDAwMDAwMH0sInNjaGVtYV92ZXJzaW9uIjoiMSJ9",
          "dependencies": [
            "module.ec2.aws_key_pair.terraform_key",
            "module.ec2.data.aws_ami.ubuntu_latest",
            "module.ec2.tls_private_key.terraform",
            "module.iam.aws_iam_instance_profile.ec2_instance_profile",
            "module.iam.aws_iam_role.ec2_role",
            "module.security_groups.aws_security_group.bastion_sg",
            "module.security_groups.aws_security_group.private_sg",
            "module.vpc.aws_subnet.private_1",
            "module.vpc.aws_vpc.main"
          ]
        }
      ]
    },
    {
      "module": "module.ec2",
      "mode": "managed",
      "type": "aws_key_pair",
      "name": "terraform_key",
      "provider": "provider[\"registry.terraform.io/hashicorp/aws\"]",
      "instances": [
        {
          "schema_version": 1,
          "attributes": {
            "arn": "arn:aws:ec2:us-west-1:131289783853:key-pair/my_terraform_key",
            "fingerprint": "42:07:7a:63:f5:b1:f3:37:c4:e6:f9:b0:b7:a5:27:81",
            "id": "my_terraform_key",
            "key_name": "my_terraform_key",
            "key_name_prefix": "",
            "key_pair_id": "key-00d11301e39cff056",
            "key_type": "rsa",
            "public_key": "ssh-rsa AAAAB3NzaC1yc2EAAAADAQABAAABAQDQibfEE+ToESUcltkyctY6o8/tNzBakmxbTXYvqcYhvliLlT9vhn5LtGuGX8zY9um1JVSogHyK/pn81327K+rtxfNn+T0lwYQgE8CS/hcT6P/gdIA7rPq2BZZx3Z6cYxAGnItXjLnbWw0531wwwQ3B5R2zdpYULtSRX4cwSgm8czvhwgHJauqBLtQ8WfTxuIE5ushIt9V7RlJNQ2LibgNCloDAaTCpTXVCpdXhfQMxMasp2sgdoZ3k1GXsZ5nU+pjVyA1gfoaTZBzrKml0qlMzboRhqu4l36PEQ/T0gBEhxbYKJLIYiCZveoVdmqyBPcMJc7rwCezq/D+nzCBLg2Bt",
            "tags": {},
            "tags_all": {}
          },
          "sensitive_attributes": [],
          "private": "eyJzY2hlbWFfdmVyc2lvbiI6IjEifQ==",
          "dependencies": [
            "module.ec2.tls_private_key.terraform"
          ]
        }
      ]
    },
    {
      "module": "module.ec2",
      "mode": "managed",
      "type": "local_file",
      "name": "ansible_cfg",
      "provider": "provider[\"registry.terraform.io/hashicorp/local\"]",
      "instances": [
        {
          "schema_version": 0,
          "attributes": {
            "content": "[defaults]\ninventory = inventory.ini\nremote_user = ubuntu\nprivate_key_file = ~/.ssh/my_terraform_key.pem\nhost_key_checking = False\nretry_files_enabled = False\ninterpreter_python = /usr/bin/python3\n\n[ssh_connection]\nssh_args = -o ProxyCommand=\"ssh -i ~/.ssh/my_terraform_key.pem -W %h:%p ubuntu@13.57.211.193\"\n\n",
            "content_base64": null,
            "content_base64sha256": "lFfJNUwDj2OpBnV72u5wm9++P3qifia2bLZ3/jxQ11k=",
            "content_base64sha512": "Th2YKGQ4s3skJTwWVmho/HeIfAk0Xz6kVpNqNE4gb1HQfZF0sjgHoettBkUYT8M7C2TSpbDqfmFyAe0ZwVy4qA==",
            "content_md5": "551552be649da2208477b97d07b973fd",
            "content_sha1": "2512d26c3ebef65e5daaf54247e3e09d84853c17",
            "content_sha256": "9457c9354c038f63a906757bdaee709bdfbe3f7aa27e26b66cb677fe3c50d759",
            "content_sha512": "4e1d98286438b37b24253c16566868fc77887c09345f3ea456936a344e206f51d07d9174b23807a1eb6d0645184fc33b0b64d2a5b0ea7e617201ed19c15cb8a8",
            "directory_permission": "0777",
            "file_permission": "0777",
            "filename": "modules/ec2/ansible/ansible.cfg",
            "id": "2512d26c3ebef65e5daaf54247e3e09d84853c17",
            "sensitive_content": null,
            "source": null
          },
          "sensitive_attributes": [],
          "dependencies": [
            "module.ec2.aws_instance.bastion",
            "module.ec2.aws_key_pair.terraform_key",
            "module.ec2.data.aws_ami.ubuntu_latest",
            "module.ec2.tls_private_key.terraform",
            "module.security_groups.aws_security_group.bastion_sg",
            "module.security_groups.aws_security_group.private_sg",
            "module.vpc.aws_subnet.public_1",
            "module.vpc.aws_vpc.main"
          ]
        }
      ]
    },
    {
      "module": "module.ec2",
      "mode": "managed",
      "type": "local_file",
      "name": "inventory",
      "provider": "provider[\"registry.terraform.io/hashicorp/local\"]",
      "instances": [
        {
          "schema_version": 0,
          "attributes": {
            "content": "[bastion]\n13.57.211.193 ansible_user=ubuntu ansible_ssh_private_key_file=~/.ssh/my_terraform_key.pem\n\n[nginx_servers]\nserver1 ansible_host=10.161.0.156\nserver2 ansible_host=10.161.0.153\nserver3 ansible_host=10.161.0.149\n\n[nginx_servers:vars]\nansible_ssh_common_args='-o ProxyCommand=\"ssh -i ~/.ssh/my_terraform_key.pem -W %h:%p ubuntu@13.57.211.193\"'\nansible_ssh_private_key_file=~/.ssh/my_terraform_key.pem\n\n[all:vars]\nansible_python_interpreter=/usr/bin/python3\n",
            "content_base64": null,
            "content_base64sha256": "SNUCb0NI3E/sXznT4Ihw1MNcI/a2J83e4qK6oGa3oYs=",
            "content_base64sha512": "JkeBmSwUJ2C9zuPWysFgniIv2asMqCBVuGqm0ujWJUYqEIHqOtqcIBe2s0s13MX4l4E+6ck0rd9Js38swVi3wg==",
            "content_md5": "c75cf0eb9e2f810f1b1694613d5fa28d",
            "content_sha1": "e40e5a1fcfa11f9e748a34de0c4f92ecebd6e371",
            "content_sha256": "48d5026f4348dc4fec5f39d3e08870d4c35c23f6b627cddee2a2baa066b7a18b",
            "content_sha512": "264781992c142760bdcee3d6cac1609e222fd9ab0ca82055b86aa6d2e8d625462a1081ea3ada9c2017b6b34b35dcc5f897813ee9c934addf49b37f2cc158b7c2",
            "directory_permission": "0777",
            "file_permission": "0777",
            "filename": "modules/ec2/ansible/inventory.ini",
            "id": "e40e5a1fcfa11f9e748a34de0c4f92ecebd6e371",
            "sensitive_content": null,
            "source": null
          },
          "sensitive_attributes": [],
          "dependencies": [
            "module.ec2.aws_instance.bastion",
            "module.ec2.aws_instance.private_servers",
            "module.ec2.aws_key_pair.terraform_key",
            "module.ec2.data.aws_ami.ubuntu_latest",
            "module.ec2.tls_private_key.terraform",
            "module.iam.aws_iam_instance_profile.ec2_instance_profile",
            "module.iam.aws_iam_role.ec2_role",
            "module.security_groups.aws_security_group.bastion_sg",
            "module.security_groups.aws_security_group.private_sg",
            "module.vpc.aws_subnet.private_1",
            "module.vpc.aws_subnet.public_1",
            "module.vpc.aws_vpc.main"
          ]
        }
      ]
    },
    {
      "module": "module.ec2",
      "mode": "managed",
      "type": "local_file",
      "name": "tfkey",
      "provider": "provider[\"registry.terraform.io/hashicorp/local\"]",
      "instances": [
        {
          "schema_version": 0,
          "attributes": {
            "content": "-----BEGIN RSA PRIVATE KEY-----\nMIIEowIBAAKCAQEA0Im3xBPk6BElHJbZMnLWOqPP7TcwWpJsW012L6nGIb5Yi5U/\nb4Z+S7Rrhl/M2PbptSVUqIB8iv6Z/Nd9uyvq7cXzZ/k9JcGEIBPAkv4XE+j/4HSA\nO6z6tgWWcd2enGMQBpyLV4y521sNOd9cMMENweUds3aWFC7UkV+HMEoJvHM74cIB\nyWrqgS7UPFn08biBObrISLfVe0ZSTUNi4m4DQpaAwGkwqU11QqXV4X0DMTGrKdrI\nHaGd5NRl7GeZ1PqY1cgNYH6Gk2Qc6yppdKpTM26EYaruJd+jxEP09IARIcW2CiSy\nGIgmb3qFXZqsgT3DCXO68Ans6vw/p8wgS4NgbQIDAQABAoIBAQC39QSaf0IqRRWL\nxrYKfqrkR6UgCNMq0oercwWSvhz9nz/Uwe+XnfjDJ4DCpLe7nPREy42GpvE2W6nT\nFPTgq7ktzrUNPxvltnOrKEF0aZhKA/vUMHD+M3VmJD+2al2Ebw6wBmAU9xrsmcFt\nD8/vYh2UsVwl97IkU7tIEhDbVDSKezLyxUUy9c/MACgLZkocVNZvbhaY08b40ZS9\n/jb5ZwnDnW9x3Tj738rlw1e77ZGCDxfqhqXMY8oCj4n5ATzIO+R5C+5491GgK6oe\nF6SBXIujc559kHw0s3nxXkF02MGrywwmuq0nTDka78t5RGo0atYq0GvY1sy2Ehai\nYq8cJDGxAoGBANFYu6CRfqqCduZMv+dRGNAD4sNn4jnGZW3NnPSqEarxGnObTMxb\nbzIuk4Lj5k7ggDLprJ2Ebv5BtUfFH5KSEjdNNeHHwElw5/XeeFjbgx1CJp7SjvpR\nCmgoCv5lHEqa4snBt+vCguBB3ZWVIU8h7f4VGD2N0fGypFFVap2A34zbAoGBAP8C\n2eLI9TfSS6b2rS0XUguz5ugHfY9SpFycDEqViahQdfZeo3AK8lX4iUsBZCDpqA47\n1FOki2NwffvpoJnhLzXisNnCskDtbhiowNxuJHFwaEjQqwJZttOLiVAHxbuPdMTG\npmTxh/Am4NYGOHxiJBisstGZ91dba3J0oZaihiZXAoGANBpIgFsV0mwsGX9ql7C4\nYzVEX+vgAw8cuWpeMQqO4SOmuLUjNQ1grHWpIv+Dl4gKgCFmY8HNOhyyeI1YIUuX\nmwntaicj9WNTZ/8ZpsvjYwnOwOKY0TYQSAIHUm9pziukXCCJnPTJS/U4p/z40FAa\ngo1Pfipo4SXb/Z4rrc2gVdcCgYALxkPtNr4rz6fyk503YcZGCA53VDE19ujj5cij\ngPgUL3Li50fAmqDJ22nrbqsC4gcCcTzCh+xvsPgAM69Yq48Ue90SkOzOFqhotxIA\nm41PN5N5GTlsKFxKtDyo11MH7/3CQDHao1RVgFYNS8g75gQop4CyMNu8ytnRNRVo\n8SQkjQKBgAoHmiVw/Uf7uBJL+FXj4Hi+TopmcIX5UbMbxKsDEcaYxi9GQgtNrhFd\nrdd9fzx7aEvHHb307dmwDvV47BfywAqo2gykR+qZLeIavxGECsmT+l7whkMNjMKg\n1JWaRim6avE3ij3p54FVgCXmHJNMohQq0bw6zUtLqfifuvuuLKNq\n-----END RSA PRIVATE KEY-----\n",
            "content_base64": null,
            "content_base64sha256": "Pw0Uwn7/o+uCtesWrVkYO+SR/IfQQm7KkMhnnE70ItY=",
            "content_base64sha512": "GxMV+G89de/9M8fBJxmozxLJpTP2gvxtrqDI/yrFynGQ2bA9cc2V3oWvWtiXtMlO9jzIc1ostjPD0tMvch6HPw==",
            "content_md5": "b315379e0568c5a8c43f43406ad71c8d",
            "content_sha1": "e185b68b33da7ae4767c542c51979c841869d6c5",
            "content_sha256": "3f0d14c27effa3eb82b5eb16ad59183be491fc87d0426eca90c8679c4ef422d6",
            "content_sha512": "1b1315f86f3d75effd33c7c12719a8cf12c9a533f682fc6daea0c8ff2ac5ca7190d9b03d71cd95de85af5ad897b4c94ef63cc8735a2cb633c3d2d32f721e873f",
            "directory_permission": "0777",
            "file_permission": "0777",
            "filename": "./my_terraform_key.pem",
            "id": "e185b68b33da7ae4767c542c51979c841869d6c5",
            "sensitive_content": null,
            "source": null
          },
          "sensitive_attributes": [
            [
              {
                "type": "get_attr",
                "value": "content"
              }
            ]
          ],
          "dependencies": [
            "module.ec2.tls_private_key.terraform"
          ]
        }
      ]
    },
    {
      "module": "module.ec2",
      "mode": "managed",
      "type": "null_resource",
      "name": "run_ansible",
      "provider": "provider[\"registry.terraform.io/hashicorp/null\"]",
      "instances": [
        {
          "schema_version": 0,
          "attributes": {
            "id": "406311195908557648",
            "triggers": null
          },
          "sensitive_attributes": [],
          "dependencies": [
            "module.ec2.aws_instance.bastion",
            "module.ec2.aws_instance.private_servers",
            "module.ec2.aws_key_pair.terraform_key",
            "module.ec2.data.aws_ami.ubuntu_latest",
            "module.ec2.local_file.ansible_cfg",
            "module.ec2.local_file.inventory",
            "module.ec2.tls_private_key.terraform",
            "module.iam.aws_iam_instance_profile.ec2_instance_profile",
            "module.iam.aws_iam_role.ec2_role",
            "module.security_groups.aws_security_group.bastion_sg",
            "module.security_groups.aws_security_group.private_sg",
            "module.vpc.aws_subnet.private_1",
            "module.vpc.aws_subnet.public_1",
            "module.vpc.aws_vpc.main"
          ]
        }
      ]
    },
    {
      "module": "module.ec2",
      "mode": "managed",
      "type": "tls_private_key",
      "name": "terraform",
      "provider": "provider[\"registry.terraform.io/hashicorp/tls\"]",
      "instances": [
        {
          "schema_version": 1,
          "attributes": {
            "algorithm": "RSA",
            "ecdsa_curve": "P224",
            "id": "ca053bf77fe926413f86bf3ef295ce7047e1c178",
            "private_key_openssh": "-----BEGIN OPENSSH PRIVATE KEY-----\nb3BlbnNzaC1rZXktdjEAAAAABG5vbmUAAAAEbm9uZQAAAAAAAAABAAABFwAAAAdz\nc2gtcnNhAAAAAwEAAQAAAQEA0Im3xBPk6BElHJbZMnLWOqPP7TcwWpJsW012L6nG\nIb5Yi5U/b4Z+S7Rrhl/M2PbptSVUqIB8iv6Z/Nd9uyvq7cXzZ/k9JcGEIBPAkv4X\nE+j/4HSAO6z6tgWWcd2enGMQBpyLV4y521sNOd9cMMENweUds3aWFC7UkV+HMEoJ\nvHM74cIByWrqgS7UPFn08biBObrISLfVe0ZSTUNi4m4DQpaAwGkwqU11QqXV4X0D\nMTGrKdrIHaGd5NRl7GeZ1PqY1cgNYH6Gk2Qc6yppdKpTM26EYaruJd+jxEP09IAR\nIcW2CiSyGIgmb3qFXZqsgT3DCXO68Ans6vw/p8wgS4NgbQAAA7gbOIkmGziJJgAA\nAAdzc2gtcnNhAAABAQDQibfEE+ToESUcltkyctY6o8/tNzBakmxbTXYvqcYhvliL\nlT9vhn5LtGuGX8zY9um1JVSogHyK/pn81327K+rtxfNn+T0lwYQgE8CS/hcT6P/g\ndIA7rPq2BZZx3Z6cYxAGnItXjLnbWw0531wwwQ3B5R2zdpYULtSRX4cwSgm8czvh\nwgHJauqBLtQ8WfTxuIE5ushIt9V7RlJNQ2LibgNCloDAaTCpTXVCpdXhfQMxMasp\n2sgdoZ3k1GXsZ5nU+pjVyA1gfoaTZBzrKml0qlMzboRhqu4l36PEQ/T0gBEhxbYK\nJLIYiCZveoVdmqyBPcMJc7rwCezq/D+nzCBLg2BtAAAAAwEAAQAAAQEAt/UEmn9C\nKkUVi8a2Cn6q5EelIAjTKtKHq3MFkr4c/Z8/1MHvl534wyeAwqS3u5z0RMuNhqbx\nNlup0xT04Ku5Lc61DT8b5bZzqyhBdGmYSgP71DBw/jN1ZiQ/tmpdhG8OsAZgFPca\n7JnBbQ/P72IdlLFcJfeyJFO7SBIQ21Q0insy8sVFMvXPzAAoC2ZKHFTWb24WmNPG\n+NGUvf42+WcJw51vcd04+9/K5cNXu+2Rgg8X6oalzGPKAo+J+QE8yDvkeQvuePdR\noCuqHhekgVyLo3OefZB8NLN58V5BdNjBq8sMJrqtJ0w5Gu/LeURqNGrWKtBr2NbM\nthIWomKvHCQxsQAAAIAKB5olcP1H+7gSS/hV4+B4vk6KZnCF+VGzG8SrAxHGmMYv\nRkILTa4RXa3XfX88e2hLxx299O3ZsA71eOwX8sAKqNoMpEfqmS3iGr8RhArJk/pe\n8IZDDYzCoNSVmkYpumrxN4o96eeBVYAl5hyTTKIUKtG8Os1LS6n4n7r7riyjagAA\nAIEA0Vi7oJF+qoJ25ky/51EY0APiw2fiOcZlbc2c9KoRqvEac5tMzFtvMi6TguPm\nTuCAMumsnYRu/kG1R8UfkpISN0014cfASXDn9d54WNuDHUImntKO+lEKaCgK/mUc\nSpriycG368KC4EHdlZUhTyHt/hUYPY3R8bKkUVVqnYDfjNsAAACBAP8C2eLI9TfS\nS6b2rS0XUguz5ugHfY9SpFycDEqViahQdfZeo3AK8lX4iUsBZCDpqA471FOki2Nw\nffvpoJnhLzXisNnCskDtbhiowNxuJHFwaEjQqwJZttOLiVAHxbuPdMTGpmTxh/Am\n4NYGOHxiJBisstGZ91dba3J0oZaihiZXAAAAAAEC\n-----END OPENSSH PRIVATE KEY-----\n",
            "private_key_pem": "-----BEGIN RSA PRIVATE KEY-----\nMIIEowIBAAKCAQEA0Im3xBPk6BElHJbZMnLWOqPP7TcwWpJsW012L6nGIb5Yi5U/\nb4Z+S7Rrhl/M2PbptSVUqIB8iv6Z/Nd9uyvq7cXzZ/k9JcGEIBPAkv4XE+j/4HSA\nO6z6tgWWcd2enGMQBpyLV4y521sNOd9cMMENweUds3aWFC7UkV+HMEoJvHM74cIB\nyWrqgS7UPFn08biBObrISLfVe0ZSTUNi4m4DQpaAwGkwqU11QqXV4X0DMTGrKdrI\nHaGd5NRl7GeZ1PqY1cgNYH6Gk2Qc6yppdKpTM26EYaruJd+jxEP09IARIcW2CiSy\nGIgmb3qFXZqsgT3DCXO68Ans6vw/p8wgS4NgbQIDAQABAoIBAQC39QSaf0IqRRWL\nxrYKfqrkR6UgCNMq0oercwWSvhz9nz/Uwe+XnfjDJ4DCpLe7nPREy42GpvE2W6nT\nFPTgq7ktzrUNPxvltnOrKEF0aZhKA/vUMHD+M3VmJD+2al2Ebw6wBmAU9xrsmcFt\nD8/vYh2UsVwl97IkU7tIEhDbVDSKezLyxUUy9c/MACgLZkocVNZvbhaY08b40ZS9\n/jb5ZwnDnW9x3Tj738rlw1e77ZGCDxfqhqXMY8oCj4n5ATzIO+R5C+5491GgK6oe\nF6SBXIujc559kHw0s3nxXkF02MGrywwmuq0nTDka78t5RGo0atYq0GvY1sy2Ehai\nYq8cJDGxAoGBANFYu6CRfqqCduZMv+dRGNAD4sNn4jnGZW3NnPSqEarxGnObTMxb\nbzIuk4Lj5k7ggDLprJ2Ebv5BtUfFH5KSEjdNNeHHwElw5/XeeFjbgx1CJp7SjvpR\nCmgoCv5lHEqa4snBt+vCguBB3ZWVIU8h7f4VGD2N0fGypFFVap2A34zbAoGBAP8C\n2eLI9TfSS6b2rS0XUguz5ugHfY9SpFycDEqViahQdfZeo3AK8lX4iUsBZCDpqA47\n1FOki2NwffvpoJnhLzXisNnCskDtbhiowNxuJHFwaEjQqwJZttOLiVAHxbuPdMTG\npmTxh/Am4NYGOHxiJBisstGZ91dba3J0oZaihiZXAoGANBpIgFsV0mwsGX9ql7C4\nYzVEX+vgAw8cuWpeMQqO4SOmuLUjNQ1grHWpIv+Dl4gKgCFmY8HNOhyyeI1YIUuX\nmwntaicj9WNTZ/8ZpsvjYwnOwOKY0TYQSAIHUm9pziukXCCJnPTJS/U4p/z40FAa\ngo1Pfipo4SXb/Z4rrc2gVdcCgYALxkPtNr4rz6fyk503YcZGCA53VDE19ujj5cij\ngPgUL3Li50fAmqDJ22nrbqsC4gcCcTzCh+xvsPgAM69Yq48Ue90SkOzOFqhotxIA\nm41PN5N5GTlsKFxKtDyo11MH7/3CQDHao1RVgFYNS8g75gQop4CyMNu8ytnRNRVo\n8SQkjQKBgAoHmiVw/Uf7uBJL+FXj4Hi+TopmcIX5UbMbxKsDEcaYxi9GQgtNrhFd\nrdd9fzx7aEvHHb307dmwDvV47BfywAqo2gykR+qZLeIavxGECsmT+l7whkMNjMKg\n1JWaRim6avE3ij3p54FVgCXmHJNMohQq0bw6zUtLqfifuvuuLKNq\n-----END RSA PRIVATE KEY-----\n",
            "private_key_pem_pkcs8": "-----BEGIN PRIVATE KEY-----\nMIIEvQIBADANBgkqhkiG9w0BAQEFAASCBKcwggSjAgEAAoIBAQDQibfEE+ToESUc\nltkyctY6o8/tNzBakmxbTXYvqcYhvliLlT9vhn5LtGuGX8zY9um1JVSogHyK/pn8\n1327K+rtxfNn+T0lwYQgE8CS/hcT6P/gdIA7rPq2BZZx3Z6cYxAGnItXjLnbWw05\n31wwwQ3B5R2zdpYULtSRX4cwSgm8czvhwgHJauqBLtQ8WfTxuIE5ushIt9V7RlJN\nQ2LibgNCloDAaTCpTXVCpdXhfQMxMasp2sgdoZ3k1GXsZ5nU+pjVyA1gfoaTZBzr\nKml0qlMzboRhqu4l36PEQ/T0gBEhxbYKJLIYiCZveoVdmqyBPcMJc7rwCezq/D+n\nzCBLg2BtAgMBAAECggEBALf1BJp/QipFFYvGtgp+quRHpSAI0yrSh6tzBZK+HP2f\nP9TB75ed+MMngMKkt7uc9ETLjYam8TZbqdMU9OCruS3OtQ0/G+W2c6soQXRpmEoD\n+9QwcP4zdWYkP7ZqXYRvDrAGYBT3GuyZwW0Pz+9iHZSxXCX3siRTu0gSENtUNIp7\nMvLFRTL1z8wAKAtmShxU1m9uFpjTxvjRlL3+NvlnCcOdb3HdOPvfyuXDV7vtkYIP\nF+qGpcxjygKPifkBPMg75HkL7nj3UaArqh4XpIFci6Nznn2QfDSzefFeQXTYwavL\nDCa6rSdMORrvy3lEajRq1irQa9jWzLYSFqJirxwkMbECgYEA0Vi7oJF+qoJ25ky/\n51EY0APiw2fiOcZlbc2c9KoRqvEac5tMzFtvMi6TguPmTuCAMumsnYRu/kG1R8Uf\nkpISN0014cfASXDn9d54WNuDHUImntKO+lEKaCgK/mUcSpriycG368KC4EHdlZUh\nTyHt/hUYPY3R8bKkUVVqnYDfjNsCgYEA/wLZ4sj1N9JLpvatLRdSC7Pm6Ad9j1Kk\nXJwMSpWJqFB19l6jcAryVfiJSwFkIOmoDjvUU6SLY3B9++mgmeEvNeKw2cKyQO1u\nGKjA3G4kcXBoSNCrAlm204uJUAfFu490xMamZPGH8Cbg1gY4fGIkGKyy0Zn3V1tr\ncnShlqKGJlcCgYA0GkiAWxXSbCwZf2qXsLhjNURf6+ADDxy5al4xCo7hI6a4tSM1\nDWCsdaki/4OXiAqAIWZjwc06HLJ4jVghS5ebCe1qJyP1Y1Nn/xmmy+NjCc7A4pjR\nNhBIAgdSb2nOK6RcIImc9MlL9Tin/PjQUBqCjU9+KmjhJdv9niutzaBV1wKBgAvG\nQ+02vivPp/KTnTdhxkYIDndUMTX26OPlyKOA+BQvcuLnR8CaoMnbaetuqwLiBwJx\nPMKH7G+w+AAzr1irjxR73RKQ7M4WqGi3EgCbjU83k3kZOWwoXEq0PKjXUwfv/cJA\nMdqjVFWAVg1LyDvmBCingLIw27zK2dE1FWjxJCSNAoGACgeaJXD9R/u4Ekv4VePg\neL5OimZwhflRsxvEqwMRxpjGL0ZCC02uEV2t131/PHtoS8cdvfTt2bAO9XjsF/LA\nCqjaDKRH6pkt4hq/EYQKyZP6XvCGQw2MwqDUlZpGKbpq8TeKPenngVWAJeYck0yi\nFCrRvDrNS0up+J+6+64so2o=\n-----END PRIVATE KEY-----\n",
            "public_key_fingerprint_md5": "98:a2:a0:19:38:b2:97:dd:c0:8b:20:1b:e9:d6:b8:06",
            "public_key_fingerprint_sha256": "SHA256:Ff6leqMRIv8c64V7sqvkXe/0DBEAq5uwIdLtdPQVCZQ",
            "public_key_openssh": "ssh-rsa AAAAB3NzaC1yc2EAAAADAQABAAABAQDQibfEE+ToESUcltkyctY6o8/tNzBakmxbTXYvqcYhvliLlT9vhn5LtGuGX8zY9um1JVSogHyK/pn81327K+rtxfNn+T0lwYQgE8CS/hcT6P/gdIA7rPq2BZZx3Z6cYxAGnItXjLnbWw0531wwwQ3B5R2zdpYULtSRX4cwSgm8czvhwgHJauqBLtQ8WfTxuIE5ushIt9V7RlJNQ2LibgNCloDAaTCpTXVCpdXhfQMxMasp2sgdoZ3k1GXsZ5nU+pjVyA1gfoaTZBzrKml0qlMzboRhqu4l36PEQ/T0gBEhxbYKJLIYiCZveoVdmqyBPcMJc7rwCezq/D+nzCBLg2Bt\n",
            "public_key_pem": "-----BEGIN PUBLIC KEY-----\nMIIBIjANBgkqhkiG9w0BAQEFAAOCAQ8AMIIBCgKCAQEA0Im3xBPk6BElHJbZMnLW\nOqPP7TcwWpJsW012L6nGIb5Yi5U/b4Z+S7Rrhl/M2PbptSVUqIB8iv6Z/Nd9uyvq\n7cXzZ/k9JcGEIBPAkv4XE+j/4HSAO6z6tgWWcd2enGMQBpyLV4y521sNOd9cMMEN\nweUds3aWFC7UkV+HMEoJvHM74cIByWrqgS7UPFn08biBObrISLfVe0ZSTUNi4m4D\nQpaAwGkwqU11QqXV4X0DMTGrKdrIHaGd5NRl7GeZ1PqY1cgNYH6Gk2Qc6yppdKpT\nM26EYaruJd+jxEP09IARIcW2CiSyGIgmb3qFXZqsgT3DCXO68Ans6vw/p8wgS4Ng\nbQIDAQAB\n-----END PUBLIC KEY-----\n",
            "rsa_bits": 2048
          },
          "sensitive_attributes": []
        }
      ]
    },
    {
      "module": "module.iam",
      "mode": "managed",
      "type": "aws_iam_instance_profile",
      "name": "ec2_instance_profile",
      "provider": "provider[\"registry.terraform.io/hashicorp/aws\"]",
      "instances": [
        {
          "schema_version": 0,
          "attributes": {
            "arn": "arn:aws:iam::131289783853:instance-profile/ec2_instance_profile",
            "create_date": "2025-04-08T22:49:39Z",
            "id": "ec2_instance_profile",
            "name": "ec2_instance_profile",
            "name_prefix": "",
            "path": "/",
            "role": "ec2_cloudwatch_role",
            "tags": {},
            "tags_all": {},
            "unique_id": "AIPAR5EL3DYW5TRY7TCJS"
          },
          "sensitive_attributes": [],
          "private": "bnVsbA==",
          "dependencies": [
            "module.iam.aws_iam_role.ec2_role"
          ]
        }
      ]
    },
    {
      "module": "module.iam",
      "mode": "managed",
      "type": "aws_iam_policy",
      "name": "cloudwatch_policy",
      "provider": "provider[\"registry.terraform.io/hashicorp/aws\"]",
      "instances": [
        {
          "schema_version": 0,
          "attributes": {
            "arn": "arn:aws:iam::131289783853:policy/ec2_cloudwatch_policy",
            "attachment_count": 1,
            "description": "Policy for EC2 to push logs to CloudWatch",
            "id": "arn:aws:iam::131289783853:policy/ec2_cloudwatch_policy",
            "name": "ec2_cloudwatch_policy",
            "name_prefix": "",
            "path": "/",
            "policy": "{\"Statement\":[{\"Action\":[\"logs:CreateLogGroup\",\"logs:CreateLogStream\",\"logs:PutLogEvents\",\"logs:DescribeLogStreams\"],\"Effect\":\"Allow\",\"Resource\":[\"arn:aws:logs:*:*:log-group:/nginx/logs\",\"arn:aws:logs:*:*:log-group:/nginx/logs:log-stream:*\"]}],\"Version\":\"2012-10-17\"}",
            "policy_id": "ANPAR5EL3DYWRZ7TLVQ6W",
            "tags": {},
            "tags_all": {}
          },
          "sensitive_attributes": [],
          "private": "bnVsbA=="
        }
      ]
    },
    {
      "module": "module.iam",
      "mode": "managed",
      "type": "aws_iam_role",
      "name": "ec2_role",
      "provider": "provider[\"registry.terraform.io/hashicorp/aws\"]",
      "instances": [
        {
          "schema_version": 0,
          "attributes": {
            "arn": "arn:aws:iam::131289783853:role/ec2_cloudwatch_role",
            "assume_role_policy": "{\"Statement\":[{\"Action\":\"sts:AssumeRole\",\"Effect\":\"Allow\",\"Principal\":{\"Service\":\"ec2.amazonaws.com\"}}],\"Version\":\"2012-10-17\"}",
            "create_date": "2025-04-08T22:49:38Z",
            "description": "",
            "force_detach_policies": false,
            "id": "ec2_cloudwatch_role",
            "inline_policy": [],
            "managed_policy_arns": [
              "arn:aws:iam::131289783853:policy/ec2_cloudwatch_policy"
            ],
            "max_session_duration": 3600,
            "name": "ec2_cloudwatch_role",
            "name_prefix": "",
            "path": "/",
            "permissions_boundary": "",
            "tags": {},
            "tags_all": {},
            "unique_id": "AROAR5EL3DYWSVRLLAQU7"
          },
          "sensitive_attributes": [],
          "private": "bnVsbA=="
        }
      ]
    },
    {
      "module": "module.iam",
      "mode": "managed",
      "type": "aws_iam_role_policy_attachment",
      "name": "attach_cloudwatch",
      "provider": "provider[\"registry.terraform.io/hashicorp/aws\"]",
      "instances": [
        {
          "schema_version": 0,
          "attributes": {
            "id": "ec2_cloudwatch_role-20250408224939358200000001",
            "policy_arn": "arn:aws:iam::131289783853:policy/ec2_cloudwatch_policy",
            "role": "ec2_cloudwatch_role"
          },
          "sensitive_attributes": [],
          "private": "bnVsbA==",
          "dependencies": [
            "module.iam.aws_iam_policy.cloudwatch_policy",
            "module.iam.aws_iam_role.ec2_role"
          ]
        }
      ]
    },
    {
      "module": "module.s3",
      "mode": "managed",
      "type": "aws_s3_bucket",
      "name": "alb_logs",
      "provider": "provider[\"registry.terraform.io/hashicorp/aws\"]",
      "instances": [
        {
          "schema_version": 0,
          "attributes": {
            "acceleration_status": "",
            "acl": null,
            "arn": "arn:aws:s3:::new3bus1",
            "bucket": "new3bus1",
            "bucket_domain_name": "new3bus1.s3.amazonaws.com",
            "bucket_prefix": "",
            "bucket_regional_domain_name": "new3bus1.s3.us-west-1.amazonaws.com",
            "cors_rule": [],
            "force_destroy": true,
            "grant": [
              {
                "id": "8b57a7b236028667418adeed13b24ae59a08525e722983280739a8171ce221e1",
                "permissions": [
                  "FULL_CONTROL"
                ],
                "type": "CanonicalUser",
                "uri": ""
              }
            ],
            "hosted_zone_id": "Z2F56UZL2M1ACD",
            "id": "new3bus1",
            "lifecycle_rule": [
              {
                "abort_incomplete_multipart_upload_days": 0,
                "enabled": true,
                "expiration": [
                  {
                    "date": "",
                    "days": 30,
                    "expired_object_delete_marker": false
                  }
                ],
                "id": "expire-logs",
                "noncurrent_version_expiration": [],
                "noncurrent_version_transition": [],
                "prefix": "logs/",
                "tags": {},
                "transition": []
              }
            ],
            "logging": [],
            "object_lock_configuration": [],
            "object_lock_enabled": false,
            "policy": "{\"Statement\":[{\"Action\":\"s3:PutObject\",\"Effect\":\"Allow\",\"Principal\":{\"Service\":\"logdelivery.elasticloadbalancing.amazonaws.com\"},\"Resource\":\"arn:aws:s3:::new3bus1/*\",\"Sid\":\"AWSLogDeliveryWrite\"}],\"Version\":\"2012-10-17\"}",
            "region": "us-west-1",
            "replication_configuration": [],
            "request_payer": "BucketOwner",
            "server_side_encryption_configuration": [
              {
                "rule": [
                  {
                    "apply_server_side_encryption_by_default": [
                      {
                        "kms_master_key_id": "",
                        "sse_algorithm": "AES256"
                      }
                    ],
                    "bucket_key_enabled": false
                  }
                ]
              }
            ],
            "tags": {},
            "tags_all": {},
            "timeouts": null,
            "versioning": [
              {
                "enabled": false,
                "mfa_delete": false
              }
            ],
            "website": [],
            "website_domain": null,
            "website_endpoint": null
          },
          "sensitive_attributes": [],
          "private": "eyJlMmJmYjczMC1lY2FhLTExZTYtOGY4OC0zNDM2M2JjN2M0YzAiOnsiY3JlYXRlIjoxMjAwMDAwMDAwMDAwLCJkZWxldGUiOjM2MDAwMDAwMDAwMDAsInJlYWQiOjEyMDAwMDAwMDAwMDAsInVwZGF0ZSI6MTIwMDAwMDAwMDAwMH19"
        }
      ]
    },
    {
      "module": "module.s3",
      "mode": "managed",
      "type": "aws_s3_bucket_lifecycle_configuration",
      "name": "alb_logs_lifecycle",
      "provider": "provider[\"registry.terraform.io/hashicorp/aws\"]",
      "instances": [
        {
          "schema_version": 1,
          "attributes": {
            "bucket": "new3bus1",
            "expected_bucket_owner": "",
            "id": "new3bus1",
            "rule": [
              {
                "abort_incomplete_multipart_upload": [],
                "expiration": [
                  {
                    "date": null,
                    "days": 30,
                    "expired_object_delete_marker": false
                  }
                ],
                "filter": [
                  {
                    "and": [],
                    "object_size_greater_than": null,
                    "object_size_less_than": null,
                    "prefix": "logs/",
                    "tag": []
                  }
                ],
                "id": "expire-logs",
                "noncurrent_version_expiration": [],
                "noncurrent_version_transition": [],
                "prefix": "",
                "status": "Enabled",
                "transition": []
              }
            ],
            "timeouts": null,
            "transition_default_minimum_object_size": "all_storage_classes_128K"
          },
          "sensitive_attributes": [],
          "dependencies": [
            "module.s3.aws_s3_bucket.alb_logs"
          ]
        }
      ]
    },
    {
      "module": "module.s3",
      "mode": "managed",
      "type": "aws_s3_bucket_ownership_controls",
      "name": "alb_logs_ownership",
      "provider": "provider[\"registry.terraform.io/hashicorp/aws\"]",
      "instances": [
        {
          "schema_version": 0,
          "attributes": {
            "bucket": "new3bus1",
            "id": "new3bus1",
            "rule": [
              {
                "object_ownership": "BucketOwnerEnforced"
              }
            ]
          },
          "sensitive_attributes": [],
          "private": "bnVsbA==",
          "dependencies": [
            "module.s3.aws_s3_bucket.alb_logs"
          ]
        }
      ]
    },
    {
      "module": "module.s3",
      "mode": "managed",
      "type": "aws_s3_bucket_policy",
      "name": "alb_logs_policy",
      "provider": "provider[\"registry.terraform.io/hashicorp/aws\"]",
      "instances": [
        {
          "schema_version": 0,
          "attributes": {
            "bucket": "new3bus1",
            "id": "new3bus1",
            "policy": "{\"Statement\":[{\"Action\":\"s3:PutObject\",\"Effect\":\"Allow\",\"Principal\":{\"Service\":\"logdelivery.elasticloadbalancing.amazonaws.com\"},\"Resource\":\"arn:aws:s3:::new3bus1/*\",\"Sid\":\"AWSLogDeliveryWrite\"}],\"Version\":\"2012-10-17\"}"
          },
          "sensitive_attributes": [],
          "private": "bnVsbA==",
          "dependencies": [
            "module.s3.aws_s3_bucket.alb_logs"
          ]
        }
      ]
    },
    {
      "module": "module.security_groups",
      "mode": "managed",
      "type": "aws_security_group",
      "name": "alb_sg",
      "provider": "provider[\"registry.terraform.io/hashicorp/aws\"]",
      "instances": [
        {
          "schema_version": 1,
          "attributes": {
            "arn": "arn:aws:ec2:us-west-1:131289783853:security-group/sg-0a063dafc84fa3758",
            "description": "Security group for the Application Load Balancer",
            "egress": [
              {
                "cidr_blocks": [
                  "0.0.0.0/0"
                ],
                "description": "",
                "from_port": 0,
                "ipv6_cidr_blocks": [],
                "prefix_list_ids": [],
                "protocol": "-1",
                "security_groups": [],
                "self": false,
                "to_port": 0
              }
            ],
            "id": "sg-0a063dafc84fa3758",
            "ingress": [
              {
                "cidr_blocks": [
                  "0.0.0.0/0"
                ],
                "description": "",
                "from_port": 80,
                "ipv6_cidr_blocks": [],
                "prefix_list_ids": [],
                "protocol": "tcp",
                "security_groups": [],
                "self": false,
                "to_port": 80
              }
            ],
            "name": "alb-security-group",
            "name_prefix": "",
            "owner_id": "131289783853",
            "revoke_rules_on_delete": false,
            "tags": {
              "Name": "alb-security-group"
            },
            "tags_all": {
              "Name": "alb-security-group"
            },
            "timeouts": null,
            "vpc_id": "vpc-01c0af29225857f67"
          },
          "sensitive_attributes": [],
          "private": "eyJlMmJmYjczMC1lY2FhLTExZTYtOGY4OC0zNDM2M2JjN2M0YzAiOnsiY3JlYXRlIjo2MDAwMDAwMDAwMDAsImRlbGV0ZSI6OTAwMDAwMDAwMDAwfSwic2NoZW1hX3ZlcnNpb24iOiIxIn0=",
          "dependencies": [
            "module.vpc.aws_vpc.main"
          ]
        }
      ]
    },
    {
      "module": "module.security_groups",
      "mode": "managed",
      "type": "aws_security_group",
      "name": "bastion_sg",
      "provider": "provider[\"registry.terraform.io/hashicorp/aws\"]",
      "instances": [
        {
          "schema_version": 1,
          "attributes": {
            "arn": "arn:aws:ec2:us-west-1:131289783853:security-group/sg-0d5a82c6d555591bf",
            "description": "Allow SSH access to bastion",
            "egress": [
              {
                "cidr_blocks": [
                  "0.0.0.0/0"
                ],
                "description": "",
                "from_port": 0,
                "ipv6_cidr_blocks": [],
                "prefix_list_ids": [],
                "protocol": "-1",
                "security_groups": [],
                "self": false,
                "to_port": 0
              }
            ],
            "id": "sg-0d5a82c6d555591bf",
            "ingress": [
              {
                "cidr_blocks": [
                  "0.0.0.0/0"
                ],
                "description": "",
                "from_port": 22,
                "ipv6_cidr_blocks": [],
                "prefix_list_ids": [],
                "protocol": "tcp",
                "security_groups": [],
                "self": false,
                "to_port": 22
              },
              {
                "cidr_blocks": [
                  "0.0.0.0/0"
                ],
                "description": "",
                "from_port": 8080,
                "ipv6_cidr_blocks": [],
                "prefix_list_ids": [],
                "protocol": "tcp",
                "security_groups": [],
                "self": false,
                "to_port": 8080
              },
              {
                "cidr_blocks": [
                  "0.0.0.0/0"
                ],
                "description": "",
                "from_port": 80,
                "ipv6_cidr_blocks": [],
                "prefix_list_ids": [],
                "protocol": "tcp",
                "security_groups": [],
                "self": false,
                "to_port": 80
              }
            ],
            "name": "bastion-sg",
            "name_prefix": "",
            "owner_id": "131289783853",
            "revoke_rules_on_delete": false,
            "tags": {},
            "tags_all": {},
            "timeouts": null,
            "vpc_id": "vpc-01c0af29225857f67"
          },
          "sensitive_attributes": [],
          "private": "eyJlMmJmYjczMC1lY2FhLTExZTYtOGY4OC0zNDM2M2JjN2M0YzAiOnsiY3JlYXRlIjo2MDAwMDAwMDAwMDAsImRlbGV0ZSI6OTAwMDAwMDAwMDAwfSwic2NoZW1hX3ZlcnNpb24iOiIxIn0=",
          "dependencies": [
            "module.vpc.aws_vpc.main"
          ]
        }
      ]
    },
    {
      "module": "module.security_groups",
      "mode": "managed",
      "type": "aws_security_group",
      "name": "private_sg",
      "provider": "provider[\"registry.terraform.io/hashicorp/aws\"]",
      "instances": [
        {
          "schema_version": 1,
          "attributes": {
            "arn": "arn:aws:ec2:us-west-1:131289783853:security-group/sg-00c8d69129a906a23",
            "description": "Allow only internal access",
            "egress": [
              {
                "cidr_blocks": [
                  "0.0.0.0/0"
                ],
                "description": "",
                "from_port": 0,
                "ipv6_cidr_blocks": [],
                "prefix_list_ids": [],
                "protocol": "-1",
                "security_groups": [],
                "self": false,
                "to_port": 0
              }
            ],
            "id": "sg-00c8d69129a906a23",
            "ingress": [
              {
                "cidr_blocks": [],
                "description": "",
                "from_port": 22,
                "ipv6_cidr_blocks": [],
                "prefix_list_ids": [],
                "protocol": "tcp",
                "security_groups": [
                  "sg-0d5a82c6d555591bf"
                ],
                "self": false,
                "to_port": 22
              },
              {
                "cidr_blocks": [],
                "description": "",
                "from_port": 80,
                "ipv6_cidr_blocks": [],
                "prefix_list_ids": [],
                "protocol": "tcp",
                "security_groups": [
                  "sg-0d5a82c6d555591bf"
                ],
                "self": false,
                "to_port": 80
              }
            ],
            "name": "private-sg",
            "name_prefix": "",
            "owner_id": "131289783853",
            "revoke_rules_on_delete": false,
            "tags": {},
            "tags_all": {},
            "timeouts": null,
            "vpc_id": "vpc-01c0af29225857f67"
          },
          "sensitive_attributes": [],
          "private": "eyJlMmJmYjczMC1lY2FhLTExZTYtOGY4OC0zNDM2M2JjN2M0YzAiOnsiY3JlYXRlIjo2MDAwMDAwMDAwMDAsImRlbGV0ZSI6OTAwMDAwMDAwMDAwfSwic2NoZW1hX3ZlcnNpb24iOiIxIn0=",
          "dependencies": [
            "module.security_groups.aws_security_group.bastion_sg",
            "module.vpc.aws_vpc.main"
          ]
        }
      ]
    },
    {
      "module": "module.vpc",
      "mode": "managed",
      "type": "aws_eip",
      "name": "nat",
      "provider": "provider[\"registry.terraform.io/hashicorp/aws\"]",
      "instances": [
        {
          "schema_version": 0,
          "attributes": {
            "address": null,
            "allocation_id": "eipalloc-094f531d4d7d06bea",
            "arn": "arn:aws:ec2:us-west-1:131289783853:elastic-ip/eipalloc-094f531d4d7d06bea",
            "associate_with_private_ip": null,
            "association_id": "eipassoc-01f3c41724637dac7",
            "carrier_ip": "",
            "customer_owned_ip": "",
            "customer_owned_ipv4_pool": "",
            "domain": "vpc",
            "id": "eipalloc-094f531d4d7d06bea",
            "instance": "",
            "ipam_pool_id": null,
            "network_border_group": "us-west-1",
            "network_interface": "eni-0a5f02f561f51be1d",
            "private_dns": "ip-10-161-0-13.us-west-1.compute.internal",
            "private_ip": "10.161.0.13",
            "ptr_record": "",
            "public_dns": "ec2-54-177-214-155.us-west-1.compute.amazonaws.com",
            "public_ip": "54.177.214.155",
            "public_ipv4_pool": "amazon",
            "tags": {},
            "tags_all": {},
            "timeouts": null,
            "vpc": true
          },
          "sensitive_attributes": [],
          "private": "eyJlMmJmYjczMC1lY2FhLTExZTYtOGY4OC0zNDM2M2JjN2M0YzAiOnsiZGVsZXRlIjoxODAwMDAwMDAwMDAsInJlYWQiOjkwMDAwMDAwMDAwMCwidXBkYXRlIjozMDAwMDAwMDAwMDB9fQ=="
        }
      ]
    },
    {
      "module": "module.vpc",
      "mode": "managed",
      "type": "aws_internet_gateway",
      "name": "gw",
      "provider": "provider[\"registry.terraform.io/hashicorp/aws\"]",
      "instances": [
        {
          "schema_version": 0,
          "attributes": {
            "arn": "arn:aws:ec2:us-west-1:131289783853:internet-gateway/igw-0f5e581b01f88f0b4",
            "id": "igw-0f5e581b01f88f0b4",
            "owner_id": "131289783853",
            "tags": {
              "Name": "project-igw"
            },
            "tags_all": {
              "Name": "project-igw"
            },
            "timeouts": null,
            "vpc_id": "vpc-01c0af29225857f67"
          },
          "sensitive_attributes": [],
          "private": "eyJlMmJmYjczMC1lY2FhLTExZTYtOGY4OC0zNDM2M2JjN2M0YzAiOnsiY3JlYXRlIjoxMjAwMDAwMDAwMDAwLCJkZWxldGUiOjEyMDAwMDAwMDAwMDAsInVwZGF0ZSI6MTIwMDAwMDAwMDAwMH19",
          "dependencies": [
            "module.vpc.aws_vpc.main"
          ]
        }
      ]
    },
    {
      "module": "module.vpc",
      "mode": "managed",
      "type": "aws_nat_gateway",
      "name": "nat",
      "provider": "provider[\"registry.terraform.io/hashicorp/aws\"]",
      "instances": [
        {
          "schema_version": 0,
          "attributes": {
            "allocation_id": "eipalloc-094f531d4d7d06bea",
            "association_id": "eipassoc-01f3c41724637dac7",
            "connectivity_type": "public",
            "id": "nat-0bc87b61fca018c0a",
            "network_interface_id": "eni-0a5f02f561f51be1d",
            "private_ip": "10.161.0.13",
            "public_ip": "54.177.214.155",
            "secondary_allocation_ids": [],
            "secondary_private_ip_address_count": 0,
            "secondary_private_ip_addresses": [],
            "subnet_id": "subnet-0ecf10e172041c7e8",
            "tags": {
              "Name": "nat-gateway"
            },
            "tags_all": {
              "Name": "nat-gateway"
            },
            "timeouts": null
          },
          "sensitive_attributes": [],
          "private": "eyJlMmJmYjczMC1lY2FhLTExZTYtOGY4OC0zNDM2M2JjN2M0YzAiOnsiY3JlYXRlIjo2MDAwMDAwMDAwMDAsImRlbGV0ZSI6MTgwMDAwMDAwMDAwMCwidXBkYXRlIjo2MDAwMDAwMDAwMDB9fQ==",
          "dependencies": [
            "module.vpc.aws_eip.nat",
            "module.vpc.aws_subnet.public_1",
            "module.vpc.aws_vpc.main"
          ]
        }
      ]
    },
    {
      "module": "module.vpc",
      "mode": "managed",
      "type": "aws_route_table",
      "name": "private",
      "provider": "provider[\"registry.terraform.io/hashicorp/aws\"]",
      "instances": [
        {
          "schema_version": 0,
          "attributes": {
            "arn": "arn:aws:ec2:us-west-1:131289783853:route-table/rtb-0d4ff4ee0f0c35852",
            "id": "rtb-0d4ff4ee0f0c35852",
            "owner_id": "131289783853",
            "propagating_vgws": [],
            "route": [
              {
                "carrier_gateway_id": "",
                "cidr_block": "0.0.0.0/0",
                "core_network_arn": "",
                "destination_prefix_list_id": "",
                "egress_only_gateway_id": "",
                "gateway_id": "",
                "ipv6_cidr_block": "",
                "local_gateway_id": "",
                "nat_gateway_id": "nat-0bc87b61fca018c0a",
                "network_interface_id": "",
                "transit_gateway_id": "",
                "vpc_endpoint_id": "",
                "vpc_peering_connection_id": ""
              }
            ],
            "tags": {
              "Name": "private-route-table"
            },
            "tags_all": {
              "Name": "private-route-table"
            },
            "timeouts": null,
            "vpc_id": "vpc-01c0af29225857f67"
          },
          "sensitive_attributes": [],
          "private": "eyJlMmJmYjczMC1lY2FhLTExZTYtOGY4OC0zNDM2M2JjN2M0YzAiOnsiY3JlYXRlIjozMDAwMDAwMDAwMDAsImRlbGV0ZSI6MzAwMDAwMDAwMDAwLCJ1cGRhdGUiOjEyMDAwMDAwMDAwMH19",
          "dependencies": [
            "module.vpc.aws_eip.nat",
            "module.vpc.aws_nat_gateway.nat",
            "module.vpc.aws_subnet.public_1",
            "module.vpc.aws_vpc.main"
          ]
        }
      ]
    },
    {
      "module": "module.vpc",
      "mode": "managed",
      "type": "aws_route_table",
      "name": "public",
      "provider": "provider[\"registry.terraform.io/hashicorp/aws\"]",
      "instances": [
        {
          "schema_version": 0,
          "attributes": {
            "arn": "arn:aws:ec2:us-west-1:131289783853:route-table/rtb-06dcc8a68a51c7fb9",
            "id": "rtb-06dcc8a68a51c7fb9",
            "owner_id": "131289783853",
            "propagating_vgws": [],
            "route": [
              {
                "carrier_gateway_id": "",
                "cidr_block": "0.0.0.0/0",
                "core_network_arn": "",
                "destination_prefix_list_id": "",
                "egress_only_gateway_id": "",
                "gateway_id": "igw-0f5e581b01f88f0b4",
                "ipv6_cidr_block": "",
                "local_gateway_id": "",
                "nat_gateway_id": "",
                "network_interface_id": "",
                "transit_gateway_id": "",
                "vpc_endpoint_id": "",
                "vpc_peering_connection_id": ""
              }
            ],
            "tags": {
              "Name": "public-route-table"
            },
            "tags_all": {
              "Name": "public-route-table"
            },
            "timeouts": null,
            "vpc_id": "vpc-01c0af29225857f67"
          },
          "sensitive_attributes": [],
          "private": "eyJlMmJmYjczMC1lY2FhLTExZTYtOGY4OC0zNDM2M2JjN2M0YzAiOnsiY3JlYXRlIjozMDAwMDAwMDAwMDAsImRlbGV0ZSI6MzAwMDAwMDAwMDAwLCJ1cGRhdGUiOjEyMDAwMDAwMDAwMH19",
          "dependencies": [
            "module.vpc.aws_internet_gateway.gw",
            "module.vpc.aws_vpc.main"
          ]
        }
      ]
    },
    {
      "module": "module.vpc",
      "mode": "managed",
      "type": "aws_route_table_association",
      "name": "private_1",
      "provider": "provider[\"registry.terraform.io/hashicorp/aws\"]",
      "instances": [
        {
          "schema_version": 0,
          "attributes": {
            "gateway_id": "",
            "id": "rtbassoc-042917a9c07f53617",
            "route_table_id": "rtb-0d4ff4ee0f0c35852",
            "subnet_id": "subnet-0c45d0c4c3b2e4ad9",
            "timeouts": null
          },
          "sensitive_attributes": [],
          "private": "eyJlMmJmYjczMC1lY2FhLTExZTYtOGY4OC0zNDM2M2JjN2M0YzAiOnsiY3JlYXRlIjozMDAwMDAwMDAwMDAsImRlbGV0ZSI6MzAwMDAwMDAwMDAwLCJ1cGRhdGUiOjEyMDAwMDAwMDAwMH19",
          "dependencies": [
            "module.vpc.aws_eip.nat",
            "module.vpc.aws_nat_gateway.nat",
            "module.vpc.aws_route_table.private",
            "module.vpc.aws_subnet.private_1",
            "module.vpc.aws_subnet.public_1",
            "module.vpc.aws_vpc.main"
          ]
        }
      ]
    },
    {
      "module": "module.vpc",
      "mode": "managed",
      "type": "aws_route_table_association",
      "name": "private_2",
      "provider": "provider[\"registry.terraform.io/hashicorp/aws\"]",
      "instances": [
        {
          "schema_version": 0,
          "attributes": {
            "gateway_id": "",
            "id": "rtbassoc-073864cd04bc0810d",
            "route_table_id": "rtb-0d4ff4ee0f0c35852",
            "subnet_id": "subnet-0eac71821ebcfd117",
            "timeouts": null
          },
          "sensitive_attributes": [],
          "private": "eyJlMmJmYjczMC1lY2FhLTExZTYtOGY4OC0zNDM2M2JjN2M0YzAiOnsiY3JlYXRlIjozMDAwMDAwMDAwMDAsImRlbGV0ZSI6MzAwMDAwMDAwMDAwLCJ1cGRhdGUiOjEyMDAwMDAwMDAwMH19",
          "dependencies": [
            "module.vpc.aws_eip.nat",
            "module.vpc.aws_nat_gateway.nat",
            "module.vpc.aws_route_table.private",
            "module.vpc.aws_subnet.private_2",
            "module.vpc.aws_subnet.public_1",
            "module.vpc.aws_vpc.main"
          ]
        }
      ]
    },
    {
      "module": "module.vpc",
      "mode": "managed",
      "type": "aws_route_table_association",
      "name": "public_1",
      "provider": "provider[\"registry.terraform.io/hashicorp/aws\"]",
      "instances": [
        {
          "schema_version": 0,
          "attributes": {
            "gateway_id": "",
            "id": "rtbassoc-02a576e9f2f3ae06f",
            "route_table_id": "rtb-06dcc8a68a51c7fb9",
            "subnet_id": "subnet-0ecf10e172041c7e8",
            "timeouts": null
          },
          "sensitive_attributes": [],
          "private": "eyJlMmJmYjczMC1lY2FhLTExZTYtOGY4OC0zNDM2M2JjN2M0YzAiOnsiY3JlYXRlIjozMDAwMDAwMDAwMDAsImRlbGV0ZSI6MzAwMDAwMDAwMDAwLCJ1cGRhdGUiOjEyMDAwMDAwMDAwMH19",
          "dependencies": [
            "module.vpc.aws_internet_gateway.gw",
            "module.vpc.aws_route_table.public",
            "module.vpc.aws_subnet.public_1",
            "module.vpc.aws_vpc.main"
          ]
        }
      ]
    },
    {
      "module": "module.vpc",
      "mode": "managed",
      "type": "aws_route_table_association",
      "name": "public_2",
      "provider": "provider[\"registry.terraform.io/hashicorp/aws\"]",
      "instances": [
        {
          "schema_version": 0,
          "attributes": {
            "gateway_id": "",
            "id": "rtbassoc-0f722a71431b29201",
            "route_table_id": "rtb-06dcc8a68a51c7fb9",
            "subnet_id": "subnet-08b7e2e5b37efeaa3",
            "timeouts": null
          },
          "sensitive_attributes": [],
          "private": "eyJlMmJmYjczMC1lY2FhLTExZTYtOGY4OC0zNDM2M2JjN2M0YzAiOnsiY3JlYXRlIjozMDAwMDAwMDAwMDAsImRlbGV0ZSI6MzAwMDAwMDAwMDAwLCJ1cGRhdGUiOjEyMDAwMDAwMDAwMH19",
          "dependencies": [
            "module.vpc.aws_internet_gateway.gw",
            "module.vpc.aws_route_table.public",
            "module.vpc.aws_subnet.public_2",
            "module.vpc.aws_vpc.main"
          ]
        }
      ]
    },
    {
      "module": "module.vpc",
      "mode": "managed",
      "type": "aws_subnet",
      "name": "private_1",
      "provider": "provider[\"registry.terraform.io/hashicorp/aws\"]",
      "instances": [
        {
          "schema_version": 1,
          "attributes": {
            "arn": "arn:aws:ec2:us-west-1:131289783853:subnet/subnet-0c45d0c4c3b2e4ad9",
            "assign_ipv6_address_on_creation": false,
            "availability_zone": "us-west-1b",
            "availability_zone_id": "usw1-az3",
            "cidr_block": "10.161.0.144/28",
            "customer_owned_ipv4_pool": "",
            "enable_dns64": false,
            "enable_lni_at_device_index": 0,
            "enable_resource_name_dns_a_record_on_launch": false,
            "enable_resource_name_dns_aaaa_record_on_launch": false,
            "id": "subnet-0c45d0c4c3b2e4ad9",
            "ipv6_cidr_block": "",
            "ipv6_cidr_block_association_id": "",
            "ipv6_native": false,
            "map_customer_owned_ip_on_launch": false,
            "map_public_ip_on_launch": false,
            "outpost_arn": "",
            "owner_id": "131289783853",
            "private_dns_hostname_type_on_launch": "ip-name",
            "tags": {
              "Name": "private-subnet-1"
            },
            "tags_all": {
              "Name": "private-subnet-1"
            },
            "timeouts": null,
            "vpc_id": "vpc-01c0af29225857f67"
          },
          "sensitive_attributes": [],
          "private": "eyJlMmJmYjczMC1lY2FhLTExZTYtOGY4OC0zNDM2M2JjN2M0YzAiOnsiY3JlYXRlIjo2MDAwMDAwMDAwMDAsImRlbGV0ZSI6MTIwMDAwMDAwMDAwMH0sInNjaGVtYV92ZXJzaW9uIjoiMSJ9",
          "dependencies": [
            "module.vpc.aws_vpc.main"
          ]
        }
      ]
    },
    {
      "module": "module.vpc",
      "mode": "managed",
      "type": "aws_subnet",
      "name": "private_2",
      "provider": "provider[\"registry.terraform.io/hashicorp/aws\"]",
      "instances": [
        {
          "schema_version": 1,
          "attributes": {
            "arn": "arn:aws:ec2:us-west-1:131289783853:subnet/subnet-0eac71821ebcfd117",
            "assign_ipv6_address_on_creation": false,
            "availability_zone": "us-west-1c",
            "availability_zone_id": "usw1-az1",
            "cidr_block": "10.161.0.160/28",
            "customer_owned_ipv4_pool": "",
            "enable_dns64": false,
            "enable_lni_at_device_index": 0,
            "enable_resource_name_dns_a_record_on_launch": false,
            "enable_resource_name_dns_aaaa_record_on_launch": false,
            "id": "subnet-0eac71821ebcfd117",
            "ipv6_cidr_block": "",
            "ipv6_cidr_block_association_id": "",
            "ipv6_native": false,
            "map_customer_owned_ip_on_launch": false,
            "map_public_ip_on_launch": false,
            "outpost_arn": "",
            "owner_id": "131289783853",
            "private_dns_hostname_type_on_launch": "ip-name",
            "tags": {
              "Name": "private-subnet-2"
            },
            "tags_all": {
              "Name": "private-subnet-2"
            },
            "timeouts": null,
            "vpc_id": "vpc-01c0af29225857f67"
          },
          "sensitive_attributes": [],
          "private": "eyJlMmJmYjczMC1lY2FhLTExZTYtOGY4OC0zNDM2M2JjN2M0YzAiOnsiY3JlYXRlIjo2MDAwMDAwMDAwMDAsImRlbGV0ZSI6MTIwMDAwMDAwMDAwMH0sInNjaGVtYV92ZXJzaW9uIjoiMSJ9",
          "dependencies": [
            "module.vpc.aws_vpc.main"
          ]
        }
      ]
    },
    {
      "module": "module.vpc",
      "mode": "managed",
      "type": "aws_subnet",
      "name": "public_1",
      "provider": "provider[\"registry.terraform.io/hashicorp/aws\"]",
      "instances": [
        {
          "schema_version": 1,
          "attributes": {
            "arn": "arn:aws:ec2:us-west-1:131289783853:subnet/subnet-0ecf10e172041c7e8",
            "assign_ipv6_address_on_creation": false,
            "availability_zone": "us-west-1b",
            "availability_zone_id": "usw1-az3",
            "cidr_block": "10.161.0.0/28",
            "customer_owned_ipv4_pool": "",
            "enable_dns64": false,
            "enable_lni_at_device_index": 0,
            "enable_resource_name_dns_a_record_on_launch": false,
            "enable_resource_name_dns_aaaa_record_on_launch": false,
            "id": "subnet-0ecf10e172041c7e8",
            "ipv6_cidr_block": "",
            "ipv6_cidr_block_association_id": "",
            "ipv6_native": false,
            "map_customer_owned_ip_on_launch": false,
            "map_public_ip_on_launch": true,
            "outpost_arn": "",
            "owner_id": "131289783853",
            "private_dns_hostname_type_on_launch": "ip-name",
            "tags": {
              "Name": "public-subnet-1"
            },
            "tags_all": {
              "Name": "public-subnet-1"
            },
            "timeouts": null,
            "vpc_id": "vpc-01c0af29225857f67"
          },
          "sensitive_attributes": [],
          "private": "eyJlMmJmYjczMC1lY2FhLTExZTYtOGY4OC0zNDM2M2JjN2M0YzAiOnsiY3JlYXRlIjo2MDAwMDAwMDAwMDAsImRlbGV0ZSI6MTIwMDAwMDAwMDAwMH0sInNjaGVtYV92ZXJzaW9uIjoiMSJ9",
          "dependencies": [
            "module.vpc.aws_vpc.main"
          ]
        }
      ]
    },
    {
      "module": "module.vpc",
      "mode": "managed",
      "type": "aws_subnet",
      "name": "public_2",
      "provider": "provider[\"registry.terraform.io/hashicorp/aws\"]",
      "instances": [
        {
          "schema_version": 1,
          "attributes": {
            "arn": "arn:aws:ec2:us-west-1:131289783853:subnet/subnet-08b7e2e5b37efeaa3",
            "assign_ipv6_address_on_creation": false,
            "availability_zone": "us-west-1c",
            "availability_zone_id": "usw1-az1",
            "cidr_block": "10.161.0.16/28",
            "customer_owned_ipv4_pool": "",
            "enable_dns64": false,
            "enable_lni_at_device_index": 0,
            "enable_resource_name_dns_a_record_on_launch": false,
            "enable_resource_name_dns_aaaa_record_on_launch": false,
            "id": "subnet-08b7e2e5b37efeaa3",
            "ipv6_cidr_block": "",
            "ipv6_cidr_block_association_id": "",
            "ipv6_native": false,
            "map_customer_owned_ip_on_launch": false,
            "map_public_ip_on_launch": true,
            "outpost_arn": "",
            "owner_id": "131289783853",
            "private_dns_hostname_type_on_launch": "ip-name",
            "tags": {
              "Name": "public-subnet-2"
            },
            "tags_all": {
              "Name": "public-subnet-2"
            },
            "timeouts": null,
            "vpc_id": "vpc-01c0af29225857f67"
          },
          "sensitive_attributes": [],
          "private": "eyJlMmJmYjczMC1lY2FhLTExZTYtOGY4OC0zNDM2M2JjN2M0YzAiOnsiY3JlYXRlIjo2MDAwMDAwMDAwMDAsImRlbGV0ZSI6MTIwMDAwMDAwMDAwMH0sInNjaGVtYV92ZXJzaW9uIjoiMSJ9",
          "dependencies": [
            "module.vpc.aws_vpc.main"
          ]
        }
      ]
    },
    {
      "module": "module.vpc",
      "mode": "managed",
      "type": "aws_vpc",
      "name": "main",
      "provider": "provider[\"registry.terraform.io/hashicorp/aws\"]",
      "instances": [
        {
          "schema_version": 1,
          "attributes": {
            "arn": "arn:aws:ec2:us-west-1:131289783853:vpc/vpc-01c0af29225857f67",
            "assign_generated_ipv6_cidr_block": false,
            "cidr_block": "10.161.0.0/24",
            "default_network_acl_id": "acl-09da5055cb00965f3",
            "default_route_table_id": "rtb-078ca3868b5ee4b31",
            "default_security_group_id": "sg-0a2e87474d1163697",
            "dhcp_options_id": "dopt-0ddfb747c9b61a0ea",
            "enable_dns_hostnames": true,
            "enable_dns_support": true,
            "enable_network_address_usage_metrics": false,
            "id": "vpc-01c0af29225857f67",
            "instance_tenancy": "default",
            "ipv4_ipam_pool_id": null,
            "ipv4_netmask_length": null,
            "ipv6_association_id": "",
            "ipv6_cidr_block": "",
            "ipv6_cidr_block_network_border_group": "",
            "ipv6_ipam_pool_id": "",
            "ipv6_netmask_length": 0,
            "main_route_table_id": "rtb-078ca3868b5ee4b31",
            "owner_id": "131289783853",
            "tags": {
              "Name": "yolo-hub88"
            },
            "tags_all": {
              "Name": "yolo-hub88"
            }
          },
          "sensitive_attributes": [],
          "private": "eyJzY2hlbWFfdmVyc2lvbiI6IjEifQ=="
        }
      ]
    }
  ],
  "check_results": null
}
